// !$*UTF8*$!
{
	archiveVersion = 1;
	classes = {
	};
	objectVersion = 46;
	objects = {

/* Begin PBXBuildFile section */
		00E356F31AD99517003FC87E /* chartExampleTests.m in Sources */ = {isa = PBXBuildFile; fileRef = 00E356F21AD99517003FC87E /* chartExampleTests.m */; };
		13B07FBC1A68108700A75B9A /* AppDelegate.m in Sources */ = {isa = PBXBuildFile; fileRef = 13B07FB01A68108700A75B9A /* AppDelegate.m */; };
		13B07FBD1A68108700A75B9A /* LaunchScreen.xib in Resources */ = {isa = PBXBuildFile; fileRef = 13B07FB11A68108700A75B9A /* LaunchScreen.xib */; };
		13B07FBF1A68108700A75B9A /* Images.xcassets in Resources */ = {isa = PBXBuildFile; fileRef = 13B07FB51A68108700A75B9A /* Images.xcassets */; };
		13B07FC11A68108700A75B9A /* main.m in Sources */ = {isa = PBXBuildFile; fileRef = 13B07FB71A68108700A75B9A /* main.m */; };
		2D02E4BC1E0B4A80006451C7 /* AppDelegate.m in Sources */ = {isa = PBXBuildFile; fileRef = 13B07FB01A68108700A75B9A /* AppDelegate.m */; };
		2D02E4BD1E0B4A84006451C7 /* Images.xcassets in Resources */ = {isa = PBXBuildFile; fileRef = 13B07FB51A68108700A75B9A /* Images.xcassets */; };
		2D02E4BF1E0B4AB3006451C7 /* main.m in Sources */ = {isa = PBXBuildFile; fileRef = 13B07FB71A68108700A75B9A /* main.m */; };
		2DCD954D1E0B4F2C00145EB5 /* chartExampleTests.m in Sources */ = {isa = PBXBuildFile; fileRef = 00E356F21AD99517003FC87E /* chartExampleTests.m */; };
		4A3F8F5E869C65DF51E0BAC9 /* Pods_chartExample_tvOSTests.framework in Frameworks */ = {isa = PBXBuildFile; fileRef = A6697E19C7AEB9E2E5C10726 /* Pods_chartExample_tvOSTests.framework */; };
		7995A47B2144984002A31AD1 /* Pods_chartExample.framework in Frameworks */ = {isa = PBXBuildFile; fileRef = FD10C2761B2BF8B9C0FCBA02 /* Pods_chartExample.framework */; };
		81F956E3B1B1FFBF9F710FBE /* Pods_chartExample_chartExampleTests.framework in Frameworks */ = {isa = PBXBuildFile; fileRef = 67073205E42C605DE8D3B564 /* Pods_chartExample_chartExampleTests.framework */; };
		F32A009CEFB46406D83A3A4E /* Pods_chartExample_tvOS.framework in Frameworks */ = {isa = PBXBuildFile; fileRef = 9413C60401853DDE14CD283F /* Pods_chartExample_tvOS.framework */; };
		F09420C1E4B74F87860FC281 /* AntDesign.ttf in Resources */ = {isa = PBXBuildFile; fileRef = 67C62F6971524D7BB48CBE34 /* AntDesign.ttf */; };
		901E2CF9E6C74AAC9DB8B4A9 /* Entypo.ttf in Resources */ = {isa = PBXBuildFile; fileRef = CD71A5CABB4449F3A9853680 /* Entypo.ttf */; };
		329AE1AD5247422DA5A112A1 /* EvilIcons.ttf in Resources */ = {isa = PBXBuildFile; fileRef = 05027259EF894F9CB910C2A3 /* EvilIcons.ttf */; };
		C7A5C9D36F0F407BAEC91FBD /* Feather.ttf in Resources */ = {isa = PBXBuildFile; fileRef = 95847E4B342D43B689888315 /* Feather.ttf */; };
		25E5F28157144D168AC6AAC4 /* FontAwesome.ttf in Resources */ = {isa = PBXBuildFile; fileRef = 47257009CCC944A2A051EA21 /* FontAwesome.ttf */; };
		BCD8376AAC064BD5A5D66D79 /* FontAwesome5_Brands.ttf in Resources */ = {isa = PBXBuildFile; fileRef = 1619A66DBF564B1C9FEE5C94 /* FontAwesome5_Brands.ttf */; };
		111BAE39619246949B13C718 /* FontAwesome5_Regular.ttf in Resources */ = {isa = PBXBuildFile; fileRef = C74ACBDE2FD54260BA07DBD3 /* FontAwesome5_Regular.ttf */; };
		91DC3B2303384586BFA2BEB6 /* FontAwesome5_Solid.ttf in Resources */ = {isa = PBXBuildFile; fileRef = 11784D4DFBDB431E8786A667 /* FontAwesome5_Solid.ttf */; };
		000304D53096442C8B0573E7 /* Fontisto.ttf in Resources */ = {isa = PBXBuildFile; fileRef = 538C0B9BCBC84D0D95661A9C /* Fontisto.ttf */; };
		EB53C9318C934200A9A23B1D /* Foundation.ttf in Resources */ = {isa = PBXBuildFile; fileRef = 59FA880CD76248E8A05BB176 /* Foundation.ttf */; };
		79FC7C6E8DD64A32AE8D5362 /* Ionicons.ttf in Resources */ = {isa = PBXBuildFile; fileRef = 45490D8D4DA54438BA412780 /* Ionicons.ttf */; };
		78F879BB668D4C4FA6DDBC98 /* MaterialCommunityIcons.ttf in Resources */ = {isa = PBXBuildFile; fileRef = 06B05429AA0846C6A994992D /* MaterialCommunityIcons.ttf */; };
		416BAB34B19F449E93140063 /* MaterialIcons.ttf in Resources */ = {isa = PBXBuildFile; fileRef = A6FC299FA55747C1B7BF16B0 /* MaterialIcons.ttf */; };
		5B3097CAD4654F18941F9B36 /* Octicons.ttf in Resources */ = {isa = PBXBuildFile; fileRef = C6E4BC2FDB3643EB8C05CD5D /* Octicons.ttf */; };
		6A31949C4ED44657B94D2D29 /* Roboto_medium.ttf in Resources */ = {isa = PBXBuildFile; fileRef = 1AF23EA2EF08492D89F72EA0 /* Roboto_medium.ttf */; };
		9BC3FEA6526743E7B2DAA70D /* Roboto.ttf in Resources */ = {isa = PBXBuildFile; fileRef = 298A922A99E541E6BED425C9 /* Roboto.ttf */; };
		2C2FA7C1939F4237B90C1A09 /* rubicon-icon-font.ttf in Resources */ = {isa = PBXBuildFile; fileRef = 78C198EEA74B41709DC9526C /* rubicon-icon-font.ttf */; };
		EF06101493FA4AE09A1F3937 /* SimpleLineIcons.ttf in Resources */ = {isa = PBXBuildFile; fileRef = F6434DA7A4C641D4814200AD /* SimpleLineIcons.ttf */; };
		5AE412BE84FE43DBAB5880ED /* Zocial.ttf in Resources */ = {isa = PBXBuildFile; fileRef = DF8C6852CFF5404CAB8E65FF /* Zocial.ttf */; };
/* End PBXBuildFile section */

/* Begin PBXContainerItemProxy section */
		00E356F41AD99517003FC87E /* PBXContainerItemProxy */ = {
			isa = PBXContainerItemProxy;
			containerPortal = 83CBB9F71A601CBA00E9B192 /* Project object */;
			proxyType = 1;
			remoteGlobalIDString = 13B07F861A680F5B00A75B9A;
			remoteInfo = chartExample;
		};
		2D02E4911E0B4A5D006451C7 /* PBXContainerItemProxy */ = {
			isa = PBXContainerItemProxy;
			containerPortal = 83CBB9F71A601CBA00E9B192 /* Project object */;
			proxyType = 1;
			remoteGlobalIDString = 2D02E47A1E0B4A5D006451C7;
			remoteInfo = "chartExample-tvOS";
		};
/* End PBXContainerItemProxy section */

/* Begin PBXFileReference section */
		008F07F21AC5B25A0029DE68 /* main.jsbundle */ = {isa = PBXFileReference; fileEncoding = 4; lastKnownFileType = text; path = main.jsbundle; sourceTree = "<group>"; };
		00E356EE1AD99517003FC87E /* chartExampleTests.xctest */ = {isa = PBXFileReference; explicitFileType = wrapper.cfbundle; includeInIndex = 0; path = chartExampleTests.xctest; sourceTree = BUILT_PRODUCTS_DIR; };
		00E356F11AD99517003FC87E /* Info.plist */ = {isa = PBXFileReference; lastKnownFileType = text.plist.xml; path = Info.plist; sourceTree = "<group>"; };
		00E356F21AD99517003FC87E /* chartExampleTests.m */ = {isa = PBXFileReference; lastKnownFileType = sourcecode.c.objc; path = chartExampleTests.m; sourceTree = "<group>"; };
		06F0C205B8424275AA48F5D5 /* EvilIcons.ttf */ = {isa = PBXFileReference; explicitFileType = undefined; fileEncoding = 9; includeInIndex = 0; lastKnownFileType = unknown; name = EvilIcons.ttf; path = "../../node_modules/native-base/Fonts/EvilIcons.ttf"; sourceTree = "<group>"; };
		0B34948D2BD044988CF0F7AA /* SimpleLineIcons.ttf */ = {isa = PBXFileReference; explicitFileType = undefined; fileEncoding = 9; includeInIndex = 0; lastKnownFileType = unknown; name = SimpleLineIcons.ttf; path = "../../node_modules/native-base/Fonts/SimpleLineIcons.ttf"; sourceTree = "<group>"; };
		106C7923E05B484CBCFFCE49 /* FontAwesome.ttf */ = {isa = PBXFileReference; explicitFileType = undefined; fileEncoding = 9; includeInIndex = 0; lastKnownFileType = unknown; name = FontAwesome.ttf; path = "../../node_modules/native-base/Fonts/FontAwesome.ttf"; sourceTree = "<group>"; };
		12865C225E6C65D4FD002072 /* Pods-chartExample-chartExampleTests.release.xcconfig */ = {isa = PBXFileReference; includeInIndex = 1; lastKnownFileType = text.xcconfig; name = "Pods-chartExample-chartExampleTests.release.xcconfig"; path = "Target Support Files/Pods-chartExample-chartExampleTests/Pods-chartExample-chartExampleTests.release.xcconfig"; sourceTree = "<group>"; };
		13B07F961A680F5B00A75B9A /* chartExample.app */ = {isa = PBXFileReference; explicitFileType = wrapper.application; includeInIndex = 0; path = chartExample.app; sourceTree = BUILT_PRODUCTS_DIR; };
		13B07FAF1A68108700A75B9A /* AppDelegate.h */ = {isa = PBXFileReference; fileEncoding = 4; lastKnownFileType = sourcecode.c.h; name = AppDelegate.h; path = chartExample/AppDelegate.h; sourceTree = "<group>"; };
		13B07FB01A68108700A75B9A /* AppDelegate.m */ = {isa = PBXFileReference; fileEncoding = 4; lastKnownFileType = sourcecode.c.objc; name = AppDelegate.m; path = chartExample/AppDelegate.m; sourceTree = "<group>"; };
		13B07FB21A68108700A75B9A /* Base */ = {isa = PBXFileReference; lastKnownFileType = file.xib; name = Base; path = Base.lproj/LaunchScreen.xib; sourceTree = "<group>"; };
		13B07FB51A68108700A75B9A /* Images.xcassets */ = {isa = PBXFileReference; lastKnownFileType = folder.assetcatalog; name = Images.xcassets; path = chartExample/Images.xcassets; sourceTree = "<group>"; };
		13B07FB61A68108700A75B9A /* Info.plist */ = {isa = PBXFileReference; fileEncoding = 4; lastKnownFileType = text.plist.xml; name = Info.plist; path = chartExample/Info.plist; sourceTree = "<group>"; };
		13B07FB71A68108700A75B9A /* main.m */ = {isa = PBXFileReference; fileEncoding = 4; lastKnownFileType = sourcecode.c.objc; name = main.m; path = chartExample/main.m; sourceTree = "<group>"; };
		1AF3293AAE8C4D3593028AEB /* FontAwesome5_Regular.ttf */ = {isa = PBXFileReference; explicitFileType = undefined; fileEncoding = 9; includeInIndex = 0; lastKnownFileType = unknown; name = FontAwesome5_Regular.ttf; path = "../../node_modules/native-base/Fonts/FontAwesome5_Regular.ttf"; sourceTree = "<group>"; };
		2D02E47B1E0B4A5D006451C7 /* chartExample-tvOS.app */ = {isa = PBXFileReference; explicitFileType = wrapper.application; includeInIndex = 0; path = "chartExample-tvOS.app"; sourceTree = BUILT_PRODUCTS_DIR; };
		2D02E4901E0B4A5D006451C7 /* chartExample-tvOSTests.xctest */ = {isa = PBXFileReference; explicitFileType = wrapper.cfbundle; includeInIndex = 0; path = "chartExample-tvOSTests.xctest"; sourceTree = BUILT_PRODUCTS_DIR; };
		3398E55136E84619985C2F60 /* Zocial.ttf */ = {isa = PBXFileReference; explicitFileType = undefined; fileEncoding = 9; includeInIndex = 0; lastKnownFileType = unknown; name = Zocial.ttf; path = "../../node_modules/native-base/Fonts/Zocial.ttf"; sourceTree = "<group>"; };
		3CD92C3E4A132D1634D6BD97 /* Pods-chartExample-tvOSTests.debug.xcconfig */ = {isa = PBXFileReference; includeInIndex = 1; lastKnownFileType = text.xcconfig; name = "Pods-chartExample-tvOSTests.debug.xcconfig"; path = "Target Support Files/Pods-chartExample-tvOSTests/Pods-chartExample-tvOSTests.debug.xcconfig"; sourceTree = "<group>"; };
		4B4FC3FC785C432CD2DE25D5 /* Pods-chartExample-tvOS.release.xcconfig */ = {isa = PBXFileReference; includeInIndex = 1; lastKnownFileType = text.xcconfig; name = "Pods-chartExample-tvOS.release.xcconfig"; path = "Target Support Files/Pods-chartExample-tvOS/Pods-chartExample-tvOS.release.xcconfig"; sourceTree = "<group>"; };
		5962D23913124B4CBA7EE618 /* FontAwesome5_Solid.ttf */ = {isa = PBXFileReference; explicitFileType = undefined; fileEncoding = 9; includeInIndex = 0; lastKnownFileType = unknown; name = FontAwesome5_Solid.ttf; path = "../../node_modules/native-base/Fonts/FontAwesome5_Solid.ttf"; sourceTree = "<group>"; };
		60EB129FB52145BFA6C7B5F4 /* FontAwesome5_Brands.ttf */ = {isa = PBXFileReference; explicitFileType = undefined; fileEncoding = 9; includeInIndex = 0; lastKnownFileType = unknown; name = FontAwesome5_Brands.ttf; path = "../../node_modules/native-base/Fonts/FontAwesome5_Brands.ttf"; sourceTree = "<group>"; };
		67073205E42C605DE8D3B564 /* Pods_chartExample_chartExampleTests.framework */ = {isa = PBXFileReference; explicitFileType = wrapper.framework; includeInIndex = 0; path = Pods_chartExample_chartExampleTests.framework; sourceTree = BUILT_PRODUCTS_DIR; };
		852C57B3CC11536AB91B1A0E /* Pods-chartExample-tvOSTests.release.xcconfig */ = {isa = PBXFileReference; includeInIndex = 1; lastKnownFileType = text.xcconfig; name = "Pods-chartExample-tvOSTests.release.xcconfig"; path = "Target Support Files/Pods-chartExample-tvOSTests/Pods-chartExample-tvOSTests.release.xcconfig"; sourceTree = "<group>"; };
		8585F1D09B57486DB343BED1 /* MaterialCommunityIcons.ttf */ = {isa = PBXFileReference; explicitFileType = undefined; fileEncoding = 9; includeInIndex = 0; lastKnownFileType = unknown; name = MaterialCommunityIcons.ttf; path = "../../node_modules/native-base/Fonts/MaterialCommunityIcons.ttf"; sourceTree = "<group>"; };
		86EDA0439A544ABE9E9C7631 /* AntDesign.ttf */ = {isa = PBXFileReference; explicitFileType = undefined; fileEncoding = 9; includeInIndex = 0; lastKnownFileType = unknown; name = AntDesign.ttf; path = "../../node_modules/native-base/Fonts/AntDesign.ttf"; sourceTree = "<group>"; };
		87CE5F69A10A4573BC700B77 /* MaterialIcons.ttf */ = {isa = PBXFileReference; explicitFileType = undefined; fileEncoding = 9; includeInIndex = 0; lastKnownFileType = unknown; name = MaterialIcons.ttf; path = "../../node_modules/native-base/Fonts/MaterialIcons.ttf"; sourceTree = "<group>"; };
		8B3B856FA98A485599362E50 /* Entypo.ttf */ = {isa = PBXFileReference; explicitFileType = undefined; fileEncoding = 9; includeInIndex = 0; lastKnownFileType = unknown; name = Entypo.ttf; path = "../../node_modules/native-base/Fonts/Entypo.ttf"; sourceTree = "<group>"; };
		8BE1CF3C26FDFE370080285D /* Segment.framework */ = {isa = PBXFileReference; explicitFileType = wrapper.framework; path = Segment.framework; sourceTree = BUILT_PRODUCTS_DIR; };
		8BE1CF4026FDFE4D0080285D /* Segment.framework */ = {isa = PBXFileReference; explicitFileType = wrapper.framework; path = Segment.framework; sourceTree = BUILT_PRODUCTS_DIR; };
		90401FCF1C4940C19790C09A /* Roboto_medium.ttf */ = {isa = PBXFileReference; explicitFileType = undefined; fileEncoding = 9; includeInIndex = 0; lastKnownFileType = unknown; name = Roboto_medium.ttf; path = "../../node_modules/native-base/Fonts/Roboto_medium.ttf"; sourceTree = "<group>"; };
		9413C60401853DDE14CD283F /* Pods_chartExample_tvOS.framework */ = {isa = PBXFileReference; explicitFileType = wrapper.framework; includeInIndex = 0; path = Pods_chartExample_tvOS.framework; sourceTree = BUILT_PRODUCTS_DIR; };
		A6697E19C7AEB9E2E5C10726 /* Pods_chartExample_tvOSTests.framework */ = {isa = PBXFileReference; explicitFileType = wrapper.framework; includeInIndex = 0; path = Pods_chartExample_tvOSTests.framework; sourceTree = BUILT_PRODUCTS_DIR; };
		A8DD7124B81D57BA8D97CF74 /* Pods-chartExample.release.xcconfig */ = {isa = PBXFileReference; includeInIndex = 1; lastKnownFileType = text.xcconfig; name = "Pods-chartExample.release.xcconfig"; path = "Target Support Files/Pods-chartExample/Pods-chartExample.release.xcconfig"; sourceTree = "<group>"; };
		AD0B2A004A7C9B9034A37D0D /* Pods-chartExample.debug.xcconfig */ = {isa = PBXFileReference; includeInIndex = 1; lastKnownFileType = text.xcconfig; name = "Pods-chartExample.debug.xcconfig"; path = "Target Support Files/Pods-chartExample/Pods-chartExample.debug.xcconfig"; sourceTree = "<group>"; };
		B685750F5E73703C8FAF9BD0 /* Pods-chartExample-chartExampleTests.debug.xcconfig */ = {isa = PBXFileReference; includeInIndex = 1; lastKnownFileType = text.xcconfig; name = "Pods-chartExample-chartExampleTests.debug.xcconfig"; path = "Target Support Files/Pods-chartExample-chartExampleTests/Pods-chartExample-chartExampleTests.debug.xcconfig"; sourceTree = "<group>"; };
		BD0C6B3FF08B44669E61BA2A /* rubicon-icon-font.ttf */ = {isa = PBXFileReference; explicitFileType = undefined; fileEncoding = 9; includeInIndex = 0; lastKnownFileType = unknown; name = "rubicon-icon-font.ttf"; path = "../../node_modules/native-base/Fonts/rubicon-icon-font.ttf"; sourceTree = "<group>"; };
		BE0881A049E16628C0A2A7F0 /* Pods-chartExample-tvOS.debug.xcconfig */ = {isa = PBXFileReference; includeInIndex = 1; lastKnownFileType = text.xcconfig; name = "Pods-chartExample-tvOS.debug.xcconfig"; path = "Target Support Files/Pods-chartExample-tvOS/Pods-chartExample-tvOS.debug.xcconfig"; sourceTree = "<group>"; };
		C2075186FA5244E7B355E947 /* Octicons.ttf */ = {isa = PBXFileReference; explicitFileType = undefined; fileEncoding = 9; includeInIndex = 0; lastKnownFileType = unknown; name = Octicons.ttf; path = "../../node_modules/native-base/Fonts/Octicons.ttf"; sourceTree = "<group>"; };
		C38BA47CB26846F9A20E22C3 /* Ionicons.ttf */ = {isa = PBXFileReference; explicitFileType = undefined; fileEncoding = 9; includeInIndex = 0; lastKnownFileType = unknown; name = Ionicons.ttf; path = "../../node_modules/native-base/Fonts/Ionicons.ttf"; sourceTree = "<group>"; };
		DC7E2137BB7047119524ECA9 /* Feather.ttf */ = {isa = PBXFileReference; explicitFileType = undefined; fileEncoding = 9; includeInIndex = 0; lastKnownFileType = unknown; name = Feather.ttf; path = "../../node_modules/native-base/Fonts/Feather.ttf"; sourceTree = "<group>"; };
		ED297162215061F000B7C4FE /* JavaScriptCore.framework */ = {isa = PBXFileReference; lastKnownFileType = wrapper.framework; name = JavaScriptCore.framework; path = System/Library/Frameworks/JavaScriptCore.framework; sourceTree = SDKROOT; };
		ED2971642150620600B7C4FE /* JavaScriptCore.framework */ = {isa = PBXFileReference; lastKnownFileType = wrapper.framework; name = JavaScriptCore.framework; path = Platforms/AppleTVOS.platform/Developer/SDKs/AppleTVOS12.0.sdk/System/Library/Frameworks/JavaScriptCore.framework; sourceTree = DEVELOPER_DIR; };
		F1C9A5501B6945F0A99AD83E /* Roboto.ttf */ = {isa = PBXFileReference; explicitFileType = undefined; fileEncoding = 9; includeInIndex = 0; lastKnownFileType = unknown; name = Roboto.ttf; path = "../../node_modules/native-base/Fonts/Roboto.ttf"; sourceTree = "<group>"; };
		F29C02EF7997463E8B93D94F /* Foundation.ttf */ = {isa = PBXFileReference; explicitFileType = undefined; fileEncoding = 9; includeInIndex = 0; lastKnownFileType = unknown; name = Foundation.ttf; path = "../../node_modules/native-base/Fonts/Foundation.ttf"; sourceTree = "<group>"; };
		FD10C2761B2BF8B9C0FCBA02 /* Pods_chartExample.framework */ = {isa = PBXFileReference; explicitFileType = wrapper.framework; includeInIndex = 0; path = Pods_chartExample.framework; sourceTree = BUILT_PRODUCTS_DIR; };
		FE1CC42A5E7548B187AAA1A2 /* Fontisto.ttf */ = {isa = PBXFileReference; explicitFileType = undefined; fileEncoding = 9; includeInIndex = 0; lastKnownFileType = unknown; name = Fontisto.ttf; path = "../../node_modules/native-base/Fonts/Fontisto.ttf"; sourceTree = "<group>"; };
		67C62F6971524D7BB48CBE34 /* AntDesign.ttf */ = {isa = PBXFileReference; name = "AntDesign.ttf"; path = "../node_modules/native-base/Fonts/AntDesign.ttf"; sourceTree = "<group>"; fileEncoding = undefined; lastKnownFileType = unknown; explicitFileType = undefined; includeInIndex = 0; };
		CD71A5CABB4449F3A9853680 /* Entypo.ttf */ = {isa = PBXFileReference; name = "Entypo.ttf"; path = "../node_modules/native-base/Fonts/Entypo.ttf"; sourceTree = "<group>"; fileEncoding = undefined; lastKnownFileType = unknown; explicitFileType = undefined; includeInIndex = 0; };
		05027259EF894F9CB910C2A3 /* EvilIcons.ttf */ = {isa = PBXFileReference; name = "EvilIcons.ttf"; path = "../node_modules/native-base/Fonts/EvilIcons.ttf"; sourceTree = "<group>"; fileEncoding = undefined; lastKnownFileType = unknown; explicitFileType = undefined; includeInIndex = 0; };
		95847E4B342D43B689888315 /* Feather.ttf */ = {isa = PBXFileReference; name = "Feather.ttf"; path = "../node_modules/native-base/Fonts/Feather.ttf"; sourceTree = "<group>"; fileEncoding = undefined; lastKnownFileType = unknown; explicitFileType = undefined; includeInIndex = 0; };
		47257009CCC944A2A051EA21 /* FontAwesome.ttf */ = {isa = PBXFileReference; name = "FontAwesome.ttf"; path = "../node_modules/native-base/Fonts/FontAwesome.ttf"; sourceTree = "<group>"; fileEncoding = undefined; lastKnownFileType = unknown; explicitFileType = undefined; includeInIndex = 0; };
		1619A66DBF564B1C9FEE5C94 /* FontAwesome5_Brands.ttf */ = {isa = PBXFileReference; name = "FontAwesome5_Brands.ttf"; path = "../node_modules/native-base/Fonts/FontAwesome5_Brands.ttf"; sourceTree = "<group>"; fileEncoding = undefined; lastKnownFileType = unknown; explicitFileType = undefined; includeInIndex = 0; };
		C74ACBDE2FD54260BA07DBD3 /* FontAwesome5_Regular.ttf */ = {isa = PBXFileReference; name = "FontAwesome5_Regular.ttf"; path = "../node_modules/native-base/Fonts/FontAwesome5_Regular.ttf"; sourceTree = "<group>"; fileEncoding = undefined; lastKnownFileType = unknown; explicitFileType = undefined; includeInIndex = 0; };
		11784D4DFBDB431E8786A667 /* FontAwesome5_Solid.ttf */ = {isa = PBXFileReference; name = "FontAwesome5_Solid.ttf"; path = "../node_modules/native-base/Fonts/FontAwesome5_Solid.ttf"; sourceTree = "<group>"; fileEncoding = undefined; lastKnownFileType = unknown; explicitFileType = undefined; includeInIndex = 0; };
		538C0B9BCBC84D0D95661A9C /* Fontisto.ttf */ = {isa = PBXFileReference; name = "Fontisto.ttf"; path = "../node_modules/native-base/Fonts/Fontisto.ttf"; sourceTree = "<group>"; fileEncoding = undefined; lastKnownFileType = unknown; explicitFileType = undefined; includeInIndex = 0; };
		59FA880CD76248E8A05BB176 /* Foundation.ttf */ = {isa = PBXFileReference; name = "Foundation.ttf"; path = "../node_modules/native-base/Fonts/Foundation.ttf"; sourceTree = "<group>"; fileEncoding = undefined; lastKnownFileType = unknown; explicitFileType = undefined; includeInIndex = 0; };
		45490D8D4DA54438BA412780 /* Ionicons.ttf */ = {isa = PBXFileReference; name = "Ionicons.ttf"; path = "../node_modules/native-base/Fonts/Ionicons.ttf"; sourceTree = "<group>"; fileEncoding = undefined; lastKnownFileType = unknown; explicitFileType = undefined; includeInIndex = 0; };
		06B05429AA0846C6A994992D /* MaterialCommunityIcons.ttf */ = {isa = PBXFileReference; name = "MaterialCommunityIcons.ttf"; path = "../node_modules/native-base/Fonts/MaterialCommunityIcons.ttf"; sourceTree = "<group>"; fileEncoding = undefined; lastKnownFileType = unknown; explicitFileType = undefined; includeInIndex = 0; };
		A6FC299FA55747C1B7BF16B0 /* MaterialIcons.ttf */ = {isa = PBXFileReference; name = "MaterialIcons.ttf"; path = "../node_modules/native-base/Fonts/MaterialIcons.ttf"; sourceTree = "<group>"; fileEncoding = undefined; lastKnownFileType = unknown; explicitFileType = undefined; includeInIndex = 0; };
		C6E4BC2FDB3643EB8C05CD5D /* Octicons.ttf */ = {isa = PBXFileReference; name = "Octicons.ttf"; path = "../node_modules/native-base/Fonts/Octicons.ttf"; sourceTree = "<group>"; fileEncoding = undefined; lastKnownFileType = unknown; explicitFileType = undefined; includeInIndex = 0; };
		1AF23EA2EF08492D89F72EA0 /* Roboto_medium.ttf */ = {isa = PBXFileReference; name = "Roboto_medium.ttf"; path = "../node_modules/native-base/Fonts/Roboto_medium.ttf"; sourceTree = "<group>"; fileEncoding = undefined; lastKnownFileType = unknown; explicitFileType = undefined; includeInIndex = 0; };
		298A922A99E541E6BED425C9 /* Roboto.ttf */ = {isa = PBXFileReference; name = "Roboto.ttf"; path = "../node_modules/native-base/Fonts/Roboto.ttf"; sourceTree = "<group>"; fileEncoding = undefined; lastKnownFileType = unknown; explicitFileType = undefined; includeInIndex = 0; };
		78C198EEA74B41709DC9526C /* rubicon-icon-font.ttf */ = {isa = PBXFileReference; name = "rubicon-icon-font.ttf"; path = "../node_modules/native-base/Fonts/rubicon-icon-font.ttf"; sourceTree = "<group>"; fileEncoding = undefined; lastKnownFileType = unknown; explicitFileType = undefined; includeInIndex = 0; };
		F6434DA7A4C641D4814200AD /* SimpleLineIcons.ttf */ = {isa = PBXFileReference; name = "SimpleLineIcons.ttf"; path = "../node_modules/native-base/Fonts/SimpleLineIcons.ttf"; sourceTree = "<group>"; fileEncoding = undefined; lastKnownFileType = unknown; explicitFileType = undefined; includeInIndex = 0; };
		DF8C6852CFF5404CAB8E65FF /* Zocial.ttf */ = {isa = PBXFileReference; name = "Zocial.ttf"; path = "../node_modules/native-base/Fonts/Zocial.ttf"; sourceTree = "<group>"; fileEncoding = undefined; lastKnownFileType = unknown; explicitFileType = undefined; includeInIndex = 0; };
/* End PBXFileReference section */

/* Begin PBXFrameworksBuildPhase section */
		00E356EB1AD99517003FC87E /* Frameworks */ = {
			isa = PBXFrameworksBuildPhase;
			buildActionMask = 2147483647;
			files = (
				81F956E3B1B1FFBF9F710FBE /* Pods_chartExample_chartExampleTests.framework in Frameworks */,
			);
			runOnlyForDeploymentPostprocessing = 0;
		};
		13B07F8C1A680F5B00A75B9A /* Frameworks */ = {
			isa = PBXFrameworksBuildPhase;
			buildActionMask = 2147483647;
			files = (
				7995A47B2144984002A31AD1 /* Pods_chartExample.framework in Frameworks */,
			);
			runOnlyForDeploymentPostprocessing = 0;
		};
		2D02E4781E0B4A5D006451C7 /* Frameworks */ = {
			isa = PBXFrameworksBuildPhase;
			buildActionMask = 2147483647;
			files = (
				F32A009CEFB46406D83A3A4E /* Pods_chartExample_tvOS.framework in Frameworks */,
			);
			runOnlyForDeploymentPostprocessing = 0;
		};
		2D02E48D1E0B4A5D006451C7 /* Frameworks */ = {
			isa = PBXFrameworksBuildPhase;
			buildActionMask = 2147483647;
			files = (
				4A3F8F5E869C65DF51E0BAC9 /* Pods_chartExample_tvOSTests.framework in Frameworks */,
			);
			runOnlyForDeploymentPostprocessing = 0;
		};
/* End PBXFrameworksBuildPhase section */

/* Begin PBXGroup section */
		00E356EF1AD99517003FC87E /* chartExampleTests */ = {
			isa = PBXGroup;
			children = (
				00E356F21AD99517003FC87E /* chartExampleTests.m */,
				00E356F01AD99517003FC87E /* Supporting Files */,
			);
			path = chartExampleTests;
			sourceTree = "<group>";
		};
		00E356F01AD99517003FC87E /* Supporting Files */ = {
			isa = PBXGroup;
			children = (
				00E356F11AD99517003FC87E /* Info.plist */,
			);
			name = "Supporting Files";
			sourceTree = "<group>";
		};
		13B07FAE1A68108700A75B9A /* chartExample */ = {
			isa = PBXGroup;
			children = (
				008F07F21AC5B25A0029DE68 /* main.jsbundle */,
				13B07FAF1A68108700A75B9A /* AppDelegate.h */,
				13B07FB01A68108700A75B9A /* AppDelegate.m */,
				13B07FB51A68108700A75B9A /* Images.xcassets */,
				13B07FB61A68108700A75B9A /* Info.plist */,
				13B07FB11A68108700A75B9A /* LaunchScreen.xib */,
				13B07FB71A68108700A75B9A /* main.m */,
			);
			name = chartExample;
			sourceTree = "<group>";
		};
		2D16E6871FA4F8E400B85C8A /* Frameworks */ = {
			isa = PBXGroup;
			children = (
				8BE1CF4026FDFE4D0080285D /* Segment.framework */,
				8BE1CF3C26FDFE370080285D /* Segment.framework */,
				ED297162215061F000B7C4FE /* JavaScriptCore.framework */,
				ED2971642150620600B7C4FE /* JavaScriptCore.framework */,
				FD10C2761B2BF8B9C0FCBA02 /* Pods_chartExample.framework */,
				67073205E42C605DE8D3B564 /* Pods_chartExample_chartExampleTests.framework */,
				9413C60401853DDE14CD283F /* Pods_chartExample_tvOS.framework */,
				A6697E19C7AEB9E2E5C10726 /* Pods_chartExample_tvOSTests.framework */,
			);
			name = Frameworks;
			sourceTree = "<group>";
		};
		832341AE1AAA6A7D00B99B32 /* Libraries */ = {
			isa = PBXGroup;
			children = (
			);
			name = Libraries;
			sourceTree = "<group>";
		};
		83CBB9F61A601CBA00E9B192 = {
			isa = PBXGroup;
			children = (
				13B07FAE1A68108700A75B9A /* chartExample */,
				832341AE1AAA6A7D00B99B32 /* Libraries */,
				00E356EF1AD99517003FC87E /* chartExampleTests */,
				83CBBA001A601CBA00E9B192 /* Products */,
				2D16E6871FA4F8E400B85C8A /* Frameworks */,
				D2EDF273DC91FA1FC2F00706 /* Pods */,
				9759576A3C614753856698E6 /* Resources */,
			);
			indentWidth = 2;
			sourceTree = "<group>";
			tabWidth = 2;
			usesTabs = 0;
		};
		83CBBA001A601CBA00E9B192 /* Products */ = {
			isa = PBXGroup;
			children = (
				13B07F961A680F5B00A75B9A /* chartExample.app */,
				00E356EE1AD99517003FC87E /* chartExampleTests.xctest */,
				2D02E47B1E0B4A5D006451C7 /* chartExample-tvOS.app */,
				2D02E4901E0B4A5D006451C7 /* chartExample-tvOSTests.xctest */,
			);
			name = Products;
			sourceTree = "<group>";
		};
		9759576A3C614753856698E6 /* Resources */ = {
			isa = PBXGroup;
			children = (
				86EDA0439A544ABE9E9C7631 /* AntDesign.ttf */,
				8B3B856FA98A485599362E50 /* Entypo.ttf */,
				06F0C205B8424275AA48F5D5 /* EvilIcons.ttf */,
				DC7E2137BB7047119524ECA9 /* Feather.ttf */,
				106C7923E05B484CBCFFCE49 /* FontAwesome.ttf */,
				60EB129FB52145BFA6C7B5F4 /* FontAwesome5_Brands.ttf */,
				1AF3293AAE8C4D3593028AEB /* FontAwesome5_Regular.ttf */,
				5962D23913124B4CBA7EE618 /* FontAwesome5_Solid.ttf */,
				FE1CC42A5E7548B187AAA1A2 /* Fontisto.ttf */,
				F29C02EF7997463E8B93D94F /* Foundation.ttf */,
				C38BA47CB26846F9A20E22C3 /* Ionicons.ttf */,
				8585F1D09B57486DB343BED1 /* MaterialCommunityIcons.ttf */,
				87CE5F69A10A4573BC700B77 /* MaterialIcons.ttf */,
				C2075186FA5244E7B355E947 /* Octicons.ttf */,
				90401FCF1C4940C19790C09A /* Roboto_medium.ttf */,
				F1C9A5501B6945F0A99AD83E /* Roboto.ttf */,
				BD0C6B3FF08B44669E61BA2A /* rubicon-icon-font.ttf */,
				0B34948D2BD044988CF0F7AA /* SimpleLineIcons.ttf */,
				3398E55136E84619985C2F60 /* Zocial.ttf */,
				67C62F6971524D7BB48CBE34 /* AntDesign.ttf */,
				CD71A5CABB4449F3A9853680 /* Entypo.ttf */,
				05027259EF894F9CB910C2A3 /* EvilIcons.ttf */,
				95847E4B342D43B689888315 /* Feather.ttf */,
				47257009CCC944A2A051EA21 /* FontAwesome.ttf */,
				1619A66DBF564B1C9FEE5C94 /* FontAwesome5_Brands.ttf */,
				C74ACBDE2FD54260BA07DBD3 /* FontAwesome5_Regular.ttf */,
				11784D4DFBDB431E8786A667 /* FontAwesome5_Solid.ttf */,
				538C0B9BCBC84D0D95661A9C /* Fontisto.ttf */,
				59FA880CD76248E8A05BB176 /* Foundation.ttf */,
				45490D8D4DA54438BA412780 /* Ionicons.ttf */,
				06B05429AA0846C6A994992D /* MaterialCommunityIcons.ttf */,
				A6FC299FA55747C1B7BF16B0 /* MaterialIcons.ttf */,
				C6E4BC2FDB3643EB8C05CD5D /* Octicons.ttf */,
				1AF23EA2EF08492D89F72EA0 /* Roboto_medium.ttf */,
				298A922A99E541E6BED425C9 /* Roboto.ttf */,
				78C198EEA74B41709DC9526C /* rubicon-icon-font.ttf */,
				F6434DA7A4C641D4814200AD /* SimpleLineIcons.ttf */,
				DF8C6852CFF5404CAB8E65FF /* Zocial.ttf */,
			);
			name = Resources;
			sourceTree = "<group>";
		};
		D2EDF273DC91FA1FC2F00706 /* Pods */ = {
			isa = PBXGroup;
			children = (
				AD0B2A004A7C9B9034A37D0D /* Pods-chartExample.debug.xcconfig */,
				A8DD7124B81D57BA8D97CF74 /* Pods-chartExample.release.xcconfig */,
				B685750F5E73703C8FAF9BD0 /* Pods-chartExample-chartExampleTests.debug.xcconfig */,
				12865C225E6C65D4FD002072 /* Pods-chartExample-chartExampleTests.release.xcconfig */,
				BE0881A049E16628C0A2A7F0 /* Pods-chartExample-tvOS.debug.xcconfig */,
				4B4FC3FC785C432CD2DE25D5 /* Pods-chartExample-tvOS.release.xcconfig */,
				3CD92C3E4A132D1634D6BD97 /* Pods-chartExample-tvOSTests.debug.xcconfig */,
				852C57B3CC11536AB91B1A0E /* Pods-chartExample-tvOSTests.release.xcconfig */,
			);
			path = Pods;
			sourceTree = "<group>";
		};
/* End PBXGroup section */

/* Begin PBXNativeTarget section */
		00E356ED1AD99517003FC87E /* chartExampleTests */ = {
			isa = PBXNativeTarget;
			buildConfigurationList = 00E357021AD99517003FC87E /* Build configuration list for PBXNativeTarget "chartExampleTests" */;
			buildPhases = (
				11A22AAE2FA2E38561B494B6 /* [CP] Check Pods Manifest.lock */,
				00E356EA1AD99517003FC87E /* Sources */,
				00E356EB1AD99517003FC87E /* Frameworks */,
				00E356EC1AD99517003FC87E /* Resources */,
				63D8FF248B5EDAF6F82FCB28 /* [CP] Embed Pods Frameworks */,
			);
			buildRules = (
			);
			dependencies = (
				00E356F51AD99517003FC87E /* PBXTargetDependency */,
			);
			name = chartExampleTests;
			productName = chartExampleTests;
			productReference = 00E356EE1AD99517003FC87E /* chartExampleTests.xctest */;
			productType = "com.apple.product-type.bundle.unit-test";
		};
		13B07F861A680F5B00A75B9A /* chartExample */ = {
			isa = PBXNativeTarget;
			buildConfigurationList = 13B07F931A680F5B00A75B9A /* Build configuration list for PBXNativeTarget "chartExample" */;
			buildPhases = (
				9F9AB48D08F37721EE9F84B1 /* [CP] Check Pods Manifest.lock */,
				FD10A7F022414F080027D42C /* Start Packager */,
				13B07F871A680F5B00A75B9A /* Sources */,
				13B07F8C1A680F5B00A75B9A /* Frameworks */,
				13B07F8E1A680F5B00A75B9A /* Resources */,
				00DD1BFF1BD5951E006B06BC /* Bundle React Native code and images */,
				56B19D406EE197A3D664E12A /* [CP] Embed Pods Frameworks */,
			);
			buildRules = (
			);
			dependencies = (
			);
			name = chartExample;
			productName = chartExample;
			productReference = 13B07F961A680F5B00A75B9A /* chartExample.app */;
			productType = "com.apple.product-type.application";
		};
		2D02E47A1E0B4A5D006451C7 /* chartExample-tvOS */ = {
			isa = PBXNativeTarget;
			buildConfigurationList = 2D02E4BA1E0B4A5E006451C7 /* Build configuration list for PBXNativeTarget "chartExample-tvOS" */;
			buildPhases = (
				E584442C95A2F36A84B20DA6 /* [CP] Check Pods Manifest.lock */,
				FD10A7F122414F3F0027D42C /* Start Packager */,
				2D02E4771E0B4A5D006451C7 /* Sources */,
				2D02E4781E0B4A5D006451C7 /* Frameworks */,
				2D02E4791E0B4A5D006451C7 /* Resources */,
				2D02E4CB1E0B4B27006451C7 /* Bundle React Native Code And Images */,
			);
			buildRules = (
			);
			dependencies = (
			);
			name = "chartExample-tvOS";
			productName = "chartExample-tvOS";
			productReference = 2D02E47B1E0B4A5D006451C7 /* chartExample-tvOS.app */;
			productType = "com.apple.product-type.application";
		};
		2D02E48F1E0B4A5D006451C7 /* chartExample-tvOSTests */ = {
			isa = PBXNativeTarget;
			buildConfigurationList = 2D02E4BB1E0B4A5E006451C7 /* Build configuration list for PBXNativeTarget "chartExample-tvOSTests" */;
			buildPhases = (
				3B7BAE95C0A689E5C43AA6DA /* [CP] Check Pods Manifest.lock */,
				2D02E48C1E0B4A5D006451C7 /* Sources */,
				2D02E48D1E0B4A5D006451C7 /* Frameworks */,
				2D02E48E1E0B4A5D006451C7 /* Resources */,
			);
			buildRules = (
			);
			dependencies = (
				2D02E4921E0B4A5D006451C7 /* PBXTargetDependency */,
			);
			name = "chartExample-tvOSTests";
			productName = "chartExample-tvOSTests";
			productReference = 2D02E4901E0B4A5D006451C7 /* chartExample-tvOSTests.xctest */;
			productType = "com.apple.product-type.bundle.unit-test";
		};
/* End PBXNativeTarget section */

/* Begin PBXProject section */
		83CBB9F71A601CBA00E9B192 /* Project object */ = {
			isa = PBXProject;
			attributes = {
				LastUpgradeCheck = 1130;
				TargetAttributes = {
					00E356ED1AD99517003FC87E = {
						CreatedOnToolsVersion = 6.2;
						TestTargetID = 13B07F861A680F5B00A75B9A;
					};
					13B07F861A680F5B00A75B9A = {
						LastSwiftMigration = 1120;
					};
					2D02E47A1E0B4A5D006451C7 = {
						CreatedOnToolsVersion = 8.2.1;
						ProvisioningStyle = Automatic;
					};
					2D02E48F1E0B4A5D006451C7 = {
						CreatedOnToolsVersion = 8.2.1;
						ProvisioningStyle = Automatic;
						TestTargetID = 2D02E47A1E0B4A5D006451C7;
					};
				};
			};
			buildConfigurationList = 83CBB9FA1A601CBA00E9B192 /* Build configuration list for PBXProject "chartExample" */;
			compatibilityVersion = "Xcode 3.2";
			developmentRegion = en;
			hasScannedForEncodings = 0;
			knownRegions = (
				en,
				Base,
			);
			mainGroup = 83CBB9F61A601CBA00E9B192;
			productRefGroup = 83CBBA001A601CBA00E9B192 /* Products */;
			projectDirPath = "";
			projectRoot = "";
			targets = (
				13B07F861A680F5B00A75B9A /* chartExample */,
				00E356ED1AD99517003FC87E /* chartExampleTests */,
				2D02E47A1E0B4A5D006451C7 /* chartExample-tvOS */,
				2D02E48F1E0B4A5D006451C7 /* chartExample-tvOSTests */,
			);
		};
/* End PBXProject section */

/* Begin PBXResourcesBuildPhase section */
		00E356EC1AD99517003FC87E /* Resources */ = {
			isa = PBXResourcesBuildPhase;
			buildActionMask = 2147483647;
			files = (
			);
			runOnlyForDeploymentPostprocessing = 0;
		};
		13B07F8E1A680F5B00A75B9A /* Resources */ = {
			isa = PBXResourcesBuildPhase;
			buildActionMask = 2147483647;
			files = (
				13B07FBF1A68108700A75B9A /* Images.xcassets in Resources */,
				13B07FBD1A68108700A75B9A /* LaunchScreen.xib in Resources */,
				F09420C1E4B74F87860FC281 /* AntDesign.ttf in Resources */,
				901E2CF9E6C74AAC9DB8B4A9 /* Entypo.ttf in Resources */,
				329AE1AD5247422DA5A112A1 /* EvilIcons.ttf in Resources */,
				C7A5C9D36F0F407BAEC91FBD /* Feather.ttf in Resources */,
				25E5F28157144D168AC6AAC4 /* FontAwesome.ttf in Resources */,
				BCD8376AAC064BD5A5D66D79 /* FontAwesome5_Brands.ttf in Resources */,
				111BAE39619246949B13C718 /* FontAwesome5_Regular.ttf in Resources */,
				91DC3B2303384586BFA2BEB6 /* FontAwesome5_Solid.ttf in Resources */,
				000304D53096442C8B0573E7 /* Fontisto.ttf in Resources */,
				EB53C9318C934200A9A23B1D /* Foundation.ttf in Resources */,
				79FC7C6E8DD64A32AE8D5362 /* Ionicons.ttf in Resources */,
				78F879BB668D4C4FA6DDBC98 /* MaterialCommunityIcons.ttf in Resources */,
				416BAB34B19F449E93140063 /* MaterialIcons.ttf in Resources */,
				5B3097CAD4654F18941F9B36 /* Octicons.ttf in Resources */,
				6A31949C4ED44657B94D2D29 /* Roboto_medium.ttf in Resources */,
				9BC3FEA6526743E7B2DAA70D /* Roboto.ttf in Resources */,
				2C2FA7C1939F4237B90C1A09 /* rubicon-icon-font.ttf in Resources */,
				EF06101493FA4AE09A1F3937 /* SimpleLineIcons.ttf in Resources */,
				5AE412BE84FE43DBAB5880ED /* Zocial.ttf in Resources */,
			);
			runOnlyForDeploymentPostprocessing = 0;
		};
		2D02E4791E0B4A5D006451C7 /* Resources */ = {
			isa = PBXResourcesBuildPhase;
			buildActionMask = 2147483647;
			files = (
				2D02E4BD1E0B4A84006451C7 /* Images.xcassets in Resources */,
			);
			runOnlyForDeploymentPostprocessing = 0;
		};
		2D02E48E1E0B4A5D006451C7 /* Resources */ = {
			isa = PBXResourcesBuildPhase;
			buildActionMask = 2147483647;
			files = (
			);
			runOnlyForDeploymentPostprocessing = 0;
		};
/* End PBXResourcesBuildPhase section */

/* Begin PBXShellScriptBuildPhase section */
		00DD1BFF1BD5951E006B06BC /* Bundle React Native code and images */ = {
			isa = PBXShellScriptBuildPhase;
			buildActionMask = 2147483647;
			files = (
			);
			inputPaths = (
			);
			name = "Bundle React Native code and images";
			outputPaths = (
			);
			runOnlyForDeploymentPostprocessing = 0;
			shellPath = /bin/sh;
			shellScript = "export NODE_BINARY=node\n../node_modules/react-native/scripts/react-native-xcode.sh";
		};
		11A22AAE2FA2E38561B494B6 /* [CP] Check Pods Manifest.lock */ = {
			isa = PBXShellScriptBuildPhase;
			buildActionMask = 2147483647;
			files = (
			);
			inputFileListPaths = (
			);
			inputPaths = (
				"${PODS_PODFILE_DIR_PATH}/Podfile.lock",
				"${PODS_ROOT}/Manifest.lock",
			);
			name = "[CP] Check Pods Manifest.lock";
			outputFileListPaths = (
			);
			outputPaths = (
				"$(DERIVED_FILE_DIR)/Pods-chartExample-chartExampleTests-checkManifestLockResult.txt",
			);
			runOnlyForDeploymentPostprocessing = 0;
			shellPath = /bin/sh;
			shellScript = "diff \"${PODS_PODFILE_DIR_PATH}/Podfile.lock\" \"${PODS_ROOT}/Manifest.lock\" > /dev/null\nif [ $? != 0 ] ; then\n    # print error to STDERR\n    echo \"error: The sandbox is not in sync with the Podfile.lock. Run 'pod install' or update your CocoaPods installation.\" >&2\n    exit 1\nfi\n# This output is used by Xcode 'outputs' to avoid re-running this script phase.\necho \"SUCCESS\" > \"${SCRIPT_OUTPUT_FILE_0}\"\n";
			showEnvVarsInLog = 0;
		};
		2D02E4CB1E0B4B27006451C7 /* Bundle React Native Code And Images */ = {
			isa = PBXShellScriptBuildPhase;
			buildActionMask = 2147483647;
			files = (
			);
			inputPaths = (
			);
			name = "Bundle React Native Code And Images";
			outputPaths = (
			);
			runOnlyForDeploymentPostprocessing = 0;
			shellPath = /bin/sh;
			shellScript = "export NODE_BINARY=node\n../node_modules/react-native/scripts/react-native-xcode.sh";
		};
		3B7BAE95C0A689E5C43AA6DA /* [CP] Check Pods Manifest.lock */ = {
			isa = PBXShellScriptBuildPhase;
			buildActionMask = 2147483647;
			files = (
			);
			inputFileListPaths = (
			);
			inputPaths = (
				"${PODS_PODFILE_DIR_PATH}/Podfile.lock",
				"${PODS_ROOT}/Manifest.lock",
			);
			name = "[CP] Check Pods Manifest.lock";
			outputFileListPaths = (
			);
			outputPaths = (
				"$(DERIVED_FILE_DIR)/Pods-chartExample-tvOSTests-checkManifestLockResult.txt",
			);
			runOnlyForDeploymentPostprocessing = 0;
			shellPath = /bin/sh;
			shellScript = "diff \"${PODS_PODFILE_DIR_PATH}/Podfile.lock\" \"${PODS_ROOT}/Manifest.lock\" > /dev/null\nif [ $? != 0 ] ; then\n    # print error to STDERR\n    echo \"error: The sandbox is not in sync with the Podfile.lock. Run 'pod install' or update your CocoaPods installation.\" >&2\n    exit 1\nfi\n# This output is used by Xcode 'outputs' to avoid re-running this script phase.\necho \"SUCCESS\" > \"${SCRIPT_OUTPUT_FILE_0}\"\n";
			showEnvVarsInLog = 0;
		};
		56B19D406EE197A3D664E12A /* [CP] Embed Pods Frameworks */ = {
			isa = PBXShellScriptBuildPhase;
			buildActionMask = 2147483647;
			files = (
			);
			inputPaths = (
				"${PODS_ROOT}/Target Support Files/Pods-chartExample/Pods-chartExample-frameworks.sh",
				"${BUILT_PRODUCTS_DIR}/Airship/Airship.framework",
				"${BUILT_PRODUCTS_DIR}/Analytics/Segment.framework",
				"${PODS_ROOT}/AuthenteqFlow/AuthenteqFlow.framework",
				"${BUILT_PRODUCTS_DIR}/Branch/Branch.framework",
				"${BUILT_PRODUCTS_DIR}/DoubleConversion/DoubleConversion.framework",
				"${BUILT_PRODUCTS_DIR}/FBReactNativeSpec/FBReactNativeSpec.framework",
				"${BUILT_PRODUCTS_DIR}/Folly/folly.framework",
				"${BUILT_PRODUCTS_DIR}/RCTTypeSafety/RCTTypeSafety.framework",
				"${BUILT_PRODUCTS_DIR}/RNAWSCognito/RNAWSCognito.framework",
				"${BUILT_PRODUCTS_DIR}/RNBootSplash/RNBootSplash.framework",
				"${BUILT_PRODUCTS_DIR}/RNCAsyncStorage/RNCAsyncStorage.framework",
				"${BUILT_PRODUCTS_DIR}/RNCMaskedView/RNCMaskedView.framework",
				"${BUILT_PRODUCTS_DIR}/RNDateTimePicker/RNDateTimePicker.framework",
				"${BUILT_PRODUCTS_DIR}/RNFS/RNFS.framework",
				"${BUILT_PRODUCTS_DIR}/RNFastImage/RNFastImage.framework",
				"${BUILT_PRODUCTS_DIR}/RNGestureHandler/RNGestureHandler.framework",
				"${BUILT_PRODUCTS_DIR}/RNLocalize/RNLocalize.framework",
				"${BUILT_PRODUCTS_DIR}/RNReanimated/RNReanimated.framework",
				"${BUILT_PRODUCTS_DIR}/RNSVG/RNSVG.framework",
				"${BUILT_PRODUCTS_DIR}/RNScreens/RNScreens.framework",
				"${BUILT_PRODUCTS_DIR}/RNSentry/RNSentry.framework",
				"${BUILT_PRODUCTS_DIR}/RNVectorIcons/RNVectorIcons.framework",
				"${BUILT_PRODUCTS_DIR}/React-Core/React.framework",
				"${BUILT_PRODUCTS_DIR}/React-CoreModules/CoreModules.framework",
				"${BUILT_PRODUCTS_DIR}/React-RCTAnimation/RCTAnimation.framework",
				"${BUILT_PRODUCTS_DIR}/React-RCTBlob/RCTBlob.framework",
				"${BUILT_PRODUCTS_DIR}/React-RCTImage/RCTImage.framework",
				"${BUILT_PRODUCTS_DIR}/React-RCTLinking/RCTLinking.framework",
				"${BUILT_PRODUCTS_DIR}/React-RCTNetwork/RCTNetwork.framework",
				"${BUILT_PRODUCTS_DIR}/React-RCTSettings/RCTSettings.framework",
				"${BUILT_PRODUCTS_DIR}/React-RCTText/RCTText.framework",
				"${BUILT_PRODUCTS_DIR}/React-RCTVibration/RCTVibration.framework",
				"${BUILT_PRODUCTS_DIR}/React-cxxreact/cxxreact.framework",
				"${BUILT_PRODUCTS_DIR}/React-jsi/jsi.framework",
				"${BUILT_PRODUCTS_DIR}/React-jsiexecutor/jsireact.framework",
				"${BUILT_PRODUCTS_DIR}/React-jsinspector/jsinspector.framework",
				"${BUILT_PRODUCTS_DIR}/ReactCommon/ReactCommon.framework",
				"${BUILT_PRODUCTS_DIR}/ReactNativeExceptionHandler/ReactNativeExceptionHandler.framework",
				"${BUILT_PRODUCTS_DIR}/ReactNativeLocalization/ReactNativeLocalization.framework",
				"${BUILT_PRODUCTS_DIR}/SDWebImage/SDWebImage.framework",
				"${BUILT_PRODUCTS_DIR}/SDWebImageWebPCoder/SDWebImageWebPCoder.framework",
				"${BUILT_PRODUCTS_DIR}/Sentry/Sentry.framework",
				"${BUILT_PRODUCTS_DIR}/TouchID/TouchID.framework",
				"${BUILT_PRODUCTS_DIR}/Yoga/yoga.framework",
				"${PODS_ROOT}/ZoomAuthentication/ZoomAuthentication.framework",
				"${BUILT_PRODUCTS_DIR}/glog/glog.framework",
				"${BUILT_PRODUCTS_DIR}/libwebp/libwebp.framework",
				"${BUILT_PRODUCTS_DIR}/react-native-authenteq-flow/react_native_authenteq_flow.framework",
				"${BUILT_PRODUCTS_DIR}/react-native-branch/RNBranch.framework",
				"${BUILT_PRODUCTS_DIR}/react-native-config/react_native_config.framework",
				"${BUILT_PRODUCTS_DIR}/react-native-document-picker/react_native_document_picker.framework",
				"${BUILT_PRODUCTS_DIR}/react-native-image-picker/react_native_image_picker.framework",
				"${BUILT_PRODUCTS_DIR}/react-native-netinfo/react_native_netinfo.framework",
				"${BUILT_PRODUCTS_DIR}/react-native-pdf/react_native_pdf.framework",
				"${BUILT_PRODUCTS_DIR}/react-native-progress-view/react_native_progress_view.framework",
				"${BUILT_PRODUCTS_DIR}/react-native-safe-area-context/react_native_safe_area_context.framework",
				"${BUILT_PRODUCTS_DIR}/react-native-version-number/react_native_version_number.framework",
				"${BUILT_PRODUCTS_DIR}/react-native-webview/react_native_webview.framework",
				"${BUILT_PRODUCTS_DIR}/rn-fetch-blob/rn_fetch_blob.framework",
				"${BUILT_PRODUCTS_DIR}/toolbar-android/toolbar_android.framework",
				"${BUILT_PRODUCTS_DIR}/urbanairship-react-native/urbanairship_react_native.framework",
			);
			name = "[CP] Embed Pods Frameworks";
			outputPaths = (
				"${TARGET_BUILD_DIR}/${FRAMEWORKS_FOLDER_PATH}/Airship.framework",
				"${TARGET_BUILD_DIR}/${FRAMEWORKS_FOLDER_PATH}/Segment.framework",
				"${TARGET_BUILD_DIR}/${FRAMEWORKS_FOLDER_PATH}/AuthenteqFlow.framework",
				"${TARGET_BUILD_DIR}/${FRAMEWORKS_FOLDER_PATH}/Branch.framework",
				"${TARGET_BUILD_DIR}/${FRAMEWORKS_FOLDER_PATH}/DoubleConversion.framework",
				"${TARGET_BUILD_DIR}/${FRAMEWORKS_FOLDER_PATH}/FBReactNativeSpec.framework",
				"${TARGET_BUILD_DIR}/${FRAMEWORKS_FOLDER_PATH}/folly.framework",
				"${TARGET_BUILD_DIR}/${FRAMEWORKS_FOLDER_PATH}/RCTTypeSafety.framework",
				"${TARGET_BUILD_DIR}/${FRAMEWORKS_FOLDER_PATH}/RNAWSCognito.framework",
				"${TARGET_BUILD_DIR}/${FRAMEWORKS_FOLDER_PATH}/RNBootSplash.framework",
				"${TARGET_BUILD_DIR}/${FRAMEWORKS_FOLDER_PATH}/RNCAsyncStorage.framework",
				"${TARGET_BUILD_DIR}/${FRAMEWORKS_FOLDER_PATH}/RNCMaskedView.framework",
				"${TARGET_BUILD_DIR}/${FRAMEWORKS_FOLDER_PATH}/RNDateTimePicker.framework",
				"${TARGET_BUILD_DIR}/${FRAMEWORKS_FOLDER_PATH}/RNFS.framework",
				"${TARGET_BUILD_DIR}/${FRAMEWORKS_FOLDER_PATH}/RNFastImage.framework",
				"${TARGET_BUILD_DIR}/${FRAMEWORKS_FOLDER_PATH}/RNGestureHandler.framework",
				"${TARGET_BUILD_DIR}/${FRAMEWORKS_FOLDER_PATH}/RNLocalize.framework",
				"${TARGET_BUILD_DIR}/${FRAMEWORKS_FOLDER_PATH}/RNReanimated.framework",
				"${TARGET_BUILD_DIR}/${FRAMEWORKS_FOLDER_PATH}/RNSVG.framework",
				"${TARGET_BUILD_DIR}/${FRAMEWORKS_FOLDER_PATH}/RNScreens.framework",
				"${TARGET_BUILD_DIR}/${FRAMEWORKS_FOLDER_PATH}/RNSentry.framework",
				"${TARGET_BUILD_DIR}/${FRAMEWORKS_FOLDER_PATH}/RNVectorIcons.framework",
				"${TARGET_BUILD_DIR}/${FRAMEWORKS_FOLDER_PATH}/React.framework",
				"${TARGET_BUILD_DIR}/${FRAMEWORKS_FOLDER_PATH}/CoreModules.framework",
				"${TARGET_BUILD_DIR}/${FRAMEWORKS_FOLDER_PATH}/RCTAnimation.framework",
				"${TARGET_BUILD_DIR}/${FRAMEWORKS_FOLDER_PATH}/RCTBlob.framework",
				"${TARGET_BUILD_DIR}/${FRAMEWORKS_FOLDER_PATH}/RCTImage.framework",
				"${TARGET_BUILD_DIR}/${FRAMEWORKS_FOLDER_PATH}/RCTLinking.framework",
				"${TARGET_BUILD_DIR}/${FRAMEWORKS_FOLDER_PATH}/RCTNetwork.framework",
				"${TARGET_BUILD_DIR}/${FRAMEWORKS_FOLDER_PATH}/RCTSettings.framework",
				"${TARGET_BUILD_DIR}/${FRAMEWORKS_FOLDER_PATH}/RCTText.framework",
				"${TARGET_BUILD_DIR}/${FRAMEWORKS_FOLDER_PATH}/RCTVibration.framework",
				"${TARGET_BUILD_DIR}/${FRAMEWORKS_FOLDER_PATH}/cxxreact.framework",
				"${TARGET_BUILD_DIR}/${FRAMEWORKS_FOLDER_PATH}/jsi.framework",
				"${TARGET_BUILD_DIR}/${FRAMEWORKS_FOLDER_PATH}/jsireact.framework",
				"${TARGET_BUILD_DIR}/${FRAMEWORKS_FOLDER_PATH}/jsinspector.framework",
				"${TARGET_BUILD_DIR}/${FRAMEWORKS_FOLDER_PATH}/ReactCommon.framework",
				"${TARGET_BUILD_DIR}/${FRAMEWORKS_FOLDER_PATH}/ReactNativeExceptionHandler.framework",
				"${TARGET_BUILD_DIR}/${FRAMEWORKS_FOLDER_PATH}/ReactNativeLocalization.framework",
				"${TARGET_BUILD_DIR}/${FRAMEWORKS_FOLDER_PATH}/SDWebImage.framework",
				"${TARGET_BUILD_DIR}/${FRAMEWORKS_FOLDER_PATH}/SDWebImageWebPCoder.framework",
				"${TARGET_BUILD_DIR}/${FRAMEWORKS_FOLDER_PATH}/Sentry.framework",
				"${TARGET_BUILD_DIR}/${FRAMEWORKS_FOLDER_PATH}/TouchID.framework",
				"${TARGET_BUILD_DIR}/${FRAMEWORKS_FOLDER_PATH}/yoga.framework",
				"${TARGET_BUILD_DIR}/${FRAMEWORKS_FOLDER_PATH}/ZoomAuthentication.framework",
				"${TARGET_BUILD_DIR}/${FRAMEWORKS_FOLDER_PATH}/glog.framework",
				"${TARGET_BUILD_DIR}/${FRAMEWORKS_FOLDER_PATH}/libwebp.framework",
				"${TARGET_BUILD_DIR}/${FRAMEWORKS_FOLDER_PATH}/react_native_authenteq_flow.framework",
				"${TARGET_BUILD_DIR}/${FRAMEWORKS_FOLDER_PATH}/RNBranch.framework",
				"${TARGET_BUILD_DIR}/${FRAMEWORKS_FOLDER_PATH}/react_native_config.framework",
				"${TARGET_BUILD_DIR}/${FRAMEWORKS_FOLDER_PATH}/react_native_document_picker.framework",
				"${TARGET_BUILD_DIR}/${FRAMEWORKS_FOLDER_PATH}/react_native_image_picker.framework",
				"${TARGET_BUILD_DIR}/${FRAMEWORKS_FOLDER_PATH}/react_native_netinfo.framework",
				"${TARGET_BUILD_DIR}/${FRAMEWORKS_FOLDER_PATH}/react_native_pdf.framework",
				"${TARGET_BUILD_DIR}/${FRAMEWORKS_FOLDER_PATH}/react_native_progress_view.framework",
				"${TARGET_BUILD_DIR}/${FRAMEWORKS_FOLDER_PATH}/react_native_safe_area_context.framework",
				"${TARGET_BUILD_DIR}/${FRAMEWORKS_FOLDER_PATH}/react_native_version_number.framework",
				"${TARGET_BUILD_DIR}/${FRAMEWORKS_FOLDER_PATH}/react_native_webview.framework",
				"${TARGET_BUILD_DIR}/${FRAMEWORKS_FOLDER_PATH}/rn_fetch_blob.framework",
				"${TARGET_BUILD_DIR}/${FRAMEWORKS_FOLDER_PATH}/toolbar_android.framework",
				"${TARGET_BUILD_DIR}/${FRAMEWORKS_FOLDER_PATH}/urbanairship_react_native.framework",
			);
			runOnlyForDeploymentPostprocessing = 0;
			shellPath = /bin/sh;
			shellScript = "\"${PODS_ROOT}/Target Support Files/Pods-chartExample/Pods-chartExample-frameworks.sh\"\n";
			showEnvVarsInLog = 0;
		};
		63D8FF248B5EDAF6F82FCB28 /* [CP] Embed Pods Frameworks */ = {
			isa = PBXShellScriptBuildPhase;
			buildActionMask = 2147483647;
			files = (
			);
			inputPaths = (
				"${PODS_ROOT}/Target Support Files/Pods-chartExample-chartExampleTests/Pods-chartExample-chartExampleTests-frameworks.sh",
				"${BUILT_PRODUCTS_DIR}/Airship/Airship.framework",
				"${BUILT_PRODUCTS_DIR}/Analytics/Segment.framework",
				"${PODS_ROOT}/AuthenteqFlow/AuthenteqFlow.framework",
				"${BUILT_PRODUCTS_DIR}/Branch/Branch.framework",
				"${BUILT_PRODUCTS_DIR}/DoubleConversion/DoubleConversion.framework",
				"${BUILT_PRODUCTS_DIR}/FBReactNativeSpec/FBReactNativeSpec.framework",
				"${BUILT_PRODUCTS_DIR}/Folly/folly.framework",
				"${BUILT_PRODUCTS_DIR}/RCTTypeSafety/RCTTypeSafety.framework",
				"${BUILT_PRODUCTS_DIR}/RNAWSCognito/RNAWSCognito.framework",
				"${BUILT_PRODUCTS_DIR}/RNBootSplash/RNBootSplash.framework",
				"${BUILT_PRODUCTS_DIR}/RNCAsyncStorage/RNCAsyncStorage.framework",
				"${BUILT_PRODUCTS_DIR}/RNCMaskedView/RNCMaskedView.framework",
				"${BUILT_PRODUCTS_DIR}/RNDateTimePicker/RNDateTimePicker.framework",
				"${BUILT_PRODUCTS_DIR}/RNFS/RNFS.framework",
				"${BUILT_PRODUCTS_DIR}/RNFastImage/RNFastImage.framework",
				"${BUILT_PRODUCTS_DIR}/RNGestureHandler/RNGestureHandler.framework",
				"${BUILT_PRODUCTS_DIR}/RNLocalize/RNLocalize.framework",
				"${BUILT_PRODUCTS_DIR}/RNReanimated/RNReanimated.framework",
				"${BUILT_PRODUCTS_DIR}/RNSVG/RNSVG.framework",
				"${BUILT_PRODUCTS_DIR}/RNScreens/RNScreens.framework",
				"${BUILT_PRODUCTS_DIR}/RNSentry/RNSentry.framework",
				"${BUILT_PRODUCTS_DIR}/RNVectorIcons/RNVectorIcons.framework",
				"${BUILT_PRODUCTS_DIR}/React-Core/React.framework",
				"${BUILT_PRODUCTS_DIR}/React-CoreModules/CoreModules.framework",
				"${BUILT_PRODUCTS_DIR}/React-RCTAnimation/RCTAnimation.framework",
				"${BUILT_PRODUCTS_DIR}/React-RCTBlob/RCTBlob.framework",
				"${BUILT_PRODUCTS_DIR}/React-RCTImage/RCTImage.framework",
				"${BUILT_PRODUCTS_DIR}/React-RCTLinking/RCTLinking.framework",
				"${BUILT_PRODUCTS_DIR}/React-RCTNetwork/RCTNetwork.framework",
				"${BUILT_PRODUCTS_DIR}/React-RCTSettings/RCTSettings.framework",
				"${BUILT_PRODUCTS_DIR}/React-RCTText/RCTText.framework",
				"${BUILT_PRODUCTS_DIR}/React-RCTVibration/RCTVibration.framework",
				"${BUILT_PRODUCTS_DIR}/React-cxxreact/cxxreact.framework",
				"${BUILT_PRODUCTS_DIR}/React-jsi/jsi.framework",
				"${BUILT_PRODUCTS_DIR}/React-jsiexecutor/jsireact.framework",
				"${BUILT_PRODUCTS_DIR}/React-jsinspector/jsinspector.framework",
				"${BUILT_PRODUCTS_DIR}/ReactCommon/ReactCommon.framework",
				"${BUILT_PRODUCTS_DIR}/ReactNativeExceptionHandler/ReactNativeExceptionHandler.framework",
				"${BUILT_PRODUCTS_DIR}/ReactNativeLocalization/ReactNativeLocalization.framework",
				"${BUILT_PRODUCTS_DIR}/SDWebImage/SDWebImage.framework",
				"${BUILT_PRODUCTS_DIR}/SDWebImageWebPCoder/SDWebImageWebPCoder.framework",
				"${BUILT_PRODUCTS_DIR}/Sentry/Sentry.framework",
				"${BUILT_PRODUCTS_DIR}/TouchID/TouchID.framework",
				"${BUILT_PRODUCTS_DIR}/Yoga/yoga.framework",
				"${PODS_ROOT}/ZoomAuthentication/ZoomAuthentication.framework",
				"${BUILT_PRODUCTS_DIR}/glog/glog.framework",
				"${BUILT_PRODUCTS_DIR}/libwebp/libwebp.framework",
				"${BUILT_PRODUCTS_DIR}/react-native-authenteq-flow/react_native_authenteq_flow.framework",
				"${BUILT_PRODUCTS_DIR}/react-native-branch/RNBranch.framework",
				"${BUILT_PRODUCTS_DIR}/react-native-config/react_native_config.framework",
				"${BUILT_PRODUCTS_DIR}/react-native-document-picker/react_native_document_picker.framework",
				"${BUILT_PRODUCTS_DIR}/react-native-image-picker/react_native_image_picker.framework",
				"${BUILT_PRODUCTS_DIR}/react-native-netinfo/react_native_netinfo.framework",
				"${BUILT_PRODUCTS_DIR}/react-native-pdf/react_native_pdf.framework",
				"${BUILT_PRODUCTS_DIR}/react-native-progress-view/react_native_progress_view.framework",
				"${BUILT_PRODUCTS_DIR}/react-native-safe-area-context/react_native_safe_area_context.framework",
				"${BUILT_PRODUCTS_DIR}/react-native-version-number/react_native_version_number.framework",
				"${BUILT_PRODUCTS_DIR}/react-native-webview/react_native_webview.framework",
				"${BUILT_PRODUCTS_DIR}/rn-fetch-blob/rn_fetch_blob.framework",
				"${BUILT_PRODUCTS_DIR}/toolbar-android/toolbar_android.framework",
				"${BUILT_PRODUCTS_DIR}/urbanairship-react-native/urbanairship_react_native.framework",
			);
			name = "[CP] Embed Pods Frameworks";
			outputPaths = (
				"${TARGET_BUILD_DIR}/${FRAMEWORKS_FOLDER_PATH}/Airship.framework",
				"${TARGET_BUILD_DIR}/${FRAMEWORKS_FOLDER_PATH}/Segment.framework",
				"${TARGET_BUILD_DIR}/${FRAMEWORKS_FOLDER_PATH}/AuthenteqFlow.framework",
				"${TARGET_BUILD_DIR}/${FRAMEWORKS_FOLDER_PATH}/Branch.framework",
				"${TARGET_BUILD_DIR}/${FRAMEWORKS_FOLDER_PATH}/DoubleConversion.framework",
				"${TARGET_BUILD_DIR}/${FRAMEWORKS_FOLDER_PATH}/FBReactNativeSpec.framework",
				"${TARGET_BUILD_DIR}/${FRAMEWORKS_FOLDER_PATH}/folly.framework",
				"${TARGET_BUILD_DIR}/${FRAMEWORKS_FOLDER_PATH}/RCTTypeSafety.framework",
				"${TARGET_BUILD_DIR}/${FRAMEWORKS_FOLDER_PATH}/RNAWSCognito.framework",
				"${TARGET_BUILD_DIR}/${FRAMEWORKS_FOLDER_PATH}/RNBootSplash.framework",
				"${TARGET_BUILD_DIR}/${FRAMEWORKS_FOLDER_PATH}/RNCAsyncStorage.framework",
				"${TARGET_BUILD_DIR}/${FRAMEWORKS_FOLDER_PATH}/RNCMaskedView.framework",
				"${TARGET_BUILD_DIR}/${FRAMEWORKS_FOLDER_PATH}/RNDateTimePicker.framework",
				"${TARGET_BUILD_DIR}/${FRAMEWORKS_FOLDER_PATH}/RNFS.framework",
				"${TARGET_BUILD_DIR}/${FRAMEWORKS_FOLDER_PATH}/RNFastImage.framework",
				"${TARGET_BUILD_DIR}/${FRAMEWORKS_FOLDER_PATH}/RNGestureHandler.framework",
				"${TARGET_BUILD_DIR}/${FRAMEWORKS_FOLDER_PATH}/RNLocalize.framework",
				"${TARGET_BUILD_DIR}/${FRAMEWORKS_FOLDER_PATH}/RNReanimated.framework",
				"${TARGET_BUILD_DIR}/${FRAMEWORKS_FOLDER_PATH}/RNSVG.framework",
				"${TARGET_BUILD_DIR}/${FRAMEWORKS_FOLDER_PATH}/RNScreens.framework",
				"${TARGET_BUILD_DIR}/${FRAMEWORKS_FOLDER_PATH}/RNSentry.framework",
				"${TARGET_BUILD_DIR}/${FRAMEWORKS_FOLDER_PATH}/RNVectorIcons.framework",
				"${TARGET_BUILD_DIR}/${FRAMEWORKS_FOLDER_PATH}/React.framework",
				"${TARGET_BUILD_DIR}/${FRAMEWORKS_FOLDER_PATH}/CoreModules.framework",
				"${TARGET_BUILD_DIR}/${FRAMEWORKS_FOLDER_PATH}/RCTAnimation.framework",
				"${TARGET_BUILD_DIR}/${FRAMEWORKS_FOLDER_PATH}/RCTBlob.framework",
				"${TARGET_BUILD_DIR}/${FRAMEWORKS_FOLDER_PATH}/RCTImage.framework",
				"${TARGET_BUILD_DIR}/${FRAMEWORKS_FOLDER_PATH}/RCTLinking.framework",
				"${TARGET_BUILD_DIR}/${FRAMEWORKS_FOLDER_PATH}/RCTNetwork.framework",
				"${TARGET_BUILD_DIR}/${FRAMEWORKS_FOLDER_PATH}/RCTSettings.framework",
				"${TARGET_BUILD_DIR}/${FRAMEWORKS_FOLDER_PATH}/RCTText.framework",
				"${TARGET_BUILD_DIR}/${FRAMEWORKS_FOLDER_PATH}/RCTVibration.framework",
				"${TARGET_BUILD_DIR}/${FRAMEWORKS_FOLDER_PATH}/cxxreact.framework",
				"${TARGET_BUILD_DIR}/${FRAMEWORKS_FOLDER_PATH}/jsi.framework",
				"${TARGET_BUILD_DIR}/${FRAMEWORKS_FOLDER_PATH}/jsireact.framework",
				"${TARGET_BUILD_DIR}/${FRAMEWORKS_FOLDER_PATH}/jsinspector.framework",
				"${TARGET_BUILD_DIR}/${FRAMEWORKS_FOLDER_PATH}/ReactCommon.framework",
				"${TARGET_BUILD_DIR}/${FRAMEWORKS_FOLDER_PATH}/ReactNativeExceptionHandler.framework",
				"${TARGET_BUILD_DIR}/${FRAMEWORKS_FOLDER_PATH}/ReactNativeLocalization.framework",
				"${TARGET_BUILD_DIR}/${FRAMEWORKS_FOLDER_PATH}/SDWebImage.framework",
				"${TARGET_BUILD_DIR}/${FRAMEWORKS_FOLDER_PATH}/SDWebImageWebPCoder.framework",
				"${TARGET_BUILD_DIR}/${FRAMEWORKS_FOLDER_PATH}/Sentry.framework",
				"${TARGET_BUILD_DIR}/${FRAMEWORKS_FOLDER_PATH}/TouchID.framework",
				"${TARGET_BUILD_DIR}/${FRAMEWORKS_FOLDER_PATH}/yoga.framework",
				"${TARGET_BUILD_DIR}/${FRAMEWORKS_FOLDER_PATH}/ZoomAuthentication.framework",
				"${TARGET_BUILD_DIR}/${FRAMEWORKS_FOLDER_PATH}/glog.framework",
				"${TARGET_BUILD_DIR}/${FRAMEWORKS_FOLDER_PATH}/libwebp.framework",
				"${TARGET_BUILD_DIR}/${FRAMEWORKS_FOLDER_PATH}/react_native_authenteq_flow.framework",
				"${TARGET_BUILD_DIR}/${FRAMEWORKS_FOLDER_PATH}/RNBranch.framework",
				"${TARGET_BUILD_DIR}/${FRAMEWORKS_FOLDER_PATH}/react_native_config.framework",
				"${TARGET_BUILD_DIR}/${FRAMEWORKS_FOLDER_PATH}/react_native_document_picker.framework",
				"${TARGET_BUILD_DIR}/${FRAMEWORKS_FOLDER_PATH}/react_native_image_picker.framework",
				"${TARGET_BUILD_DIR}/${FRAMEWORKS_FOLDER_PATH}/react_native_netinfo.framework",
				"${TARGET_BUILD_DIR}/${FRAMEWORKS_FOLDER_PATH}/react_native_pdf.framework",
				"${TARGET_BUILD_DIR}/${FRAMEWORKS_FOLDER_PATH}/react_native_progress_view.framework",
				"${TARGET_BUILD_DIR}/${FRAMEWORKS_FOLDER_PATH}/react_native_safe_area_context.framework",
				"${TARGET_BUILD_DIR}/${FRAMEWORKS_FOLDER_PATH}/react_native_version_number.framework",
				"${TARGET_BUILD_DIR}/${FRAMEWORKS_FOLDER_PATH}/react_native_webview.framework",
				"${TARGET_BUILD_DIR}/${FRAMEWORKS_FOLDER_PATH}/rn_fetch_blob.framework",
				"${TARGET_BUILD_DIR}/${FRAMEWORKS_FOLDER_PATH}/toolbar_android.framework",
				"${TARGET_BUILD_DIR}/${FRAMEWORKS_FOLDER_PATH}/urbanairship_react_native.framework",
			);
			runOnlyForDeploymentPostprocessing = 0;
			shellPath = /bin/sh;
			shellScript = "\"${PODS_ROOT}/Target Support Files/Pods-chartExample-chartExampleTests/Pods-chartExample-chartExampleTests-frameworks.sh\"\n";
			showEnvVarsInLog = 0;
		};
		9F9AB48D08F37721EE9F84B1 /* [CP] Check Pods Manifest.lock */ = {
			isa = PBXShellScriptBuildPhase;
			buildActionMask = 2147483647;
			files = (
			);
			inputFileListPaths = (
			);
			inputPaths = (
				"${PODS_PODFILE_DIR_PATH}/Podfile.lock",
				"${PODS_ROOT}/Manifest.lock",
			);
			name = "[CP] Check Pods Manifest.lock";
			outputFileListPaths = (
			);
			outputPaths = (
				"$(DERIVED_FILE_DIR)/Pods-chartExample-checkManifestLockResult.txt",
			);
			runOnlyForDeploymentPostprocessing = 0;
			shellPath = /bin/sh;
			shellScript = "diff \"${PODS_PODFILE_DIR_PATH}/Podfile.lock\" \"${PODS_ROOT}/Manifest.lock\" > /dev/null\nif [ $? != 0 ] ; then\n    # print error to STDERR\n    echo \"error: The sandbox is not in sync with the Podfile.lock. Run 'pod install' or update your CocoaPods installation.\" >&2\n    exit 1\nfi\n# This output is used by Xcode 'outputs' to avoid re-running this script phase.\necho \"SUCCESS\" > \"${SCRIPT_OUTPUT_FILE_0}\"\n";
			showEnvVarsInLog = 0;
		};
		E584442C95A2F36A84B20DA6 /* [CP] Check Pods Manifest.lock */ = {
			isa = PBXShellScriptBuildPhase;
			buildActionMask = 2147483647;
			files = (
			);
			inputFileListPaths = (
			);
			inputPaths = (
				"${PODS_PODFILE_DIR_PATH}/Podfile.lock",
				"${PODS_ROOT}/Manifest.lock",
			);
			name = "[CP] Check Pods Manifest.lock";
			outputFileListPaths = (
			);
			outputPaths = (
				"$(DERIVED_FILE_DIR)/Pods-chartExample-tvOS-checkManifestLockResult.txt",
			);
			runOnlyForDeploymentPostprocessing = 0;
			shellPath = /bin/sh;
			shellScript = "diff \"${PODS_PODFILE_DIR_PATH}/Podfile.lock\" \"${PODS_ROOT}/Manifest.lock\" > /dev/null\nif [ $? != 0 ] ; then\n    # print error to STDERR\n    echo \"error: The sandbox is not in sync with the Podfile.lock. Run 'pod install' or update your CocoaPods installation.\" >&2\n    exit 1\nfi\n# This output is used by Xcode 'outputs' to avoid re-running this script phase.\necho \"SUCCESS\" > \"${SCRIPT_OUTPUT_FILE_0}\"\n";
			showEnvVarsInLog = 0;
		};
		FD10A7F022414F080027D42C /* Start Packager */ = {
			isa = PBXShellScriptBuildPhase;
			buildActionMask = 2147483647;
			files = (
			);
			inputFileListPaths = (
			);
			inputPaths = (
			);
			name = "Start Packager";
			outputFileListPaths = (
			);
			outputPaths = (
			);
			runOnlyForDeploymentPostprocessing = 0;
			shellPath = /bin/sh;
			shellScript = "export RCT_METRO_PORT=\"${RCT_METRO_PORT:=8081}\"\necho \"export RCT_METRO_PORT=${RCT_METRO_PORT}\" > \"${SRCROOT}/../node_modules/react-native/scripts/.packager.env\"\nif [ -z \"${RCT_NO_LAUNCH_PACKAGER+xxx}\" ] ; then\n  if nc -w 5 -z localhost ${RCT_METRO_PORT} ; then\n    if ! curl -s \"http://localhost:${RCT_METRO_PORT}/status\" | grep -q \"packager-status:running\" ; then\n      echo \"Port ${RCT_METRO_PORT} already in use, packager is either not running or not running correctly\"\n      exit 2\n    fi\n  else\n    open \"$SRCROOT/../node_modules/react-native/scripts/launchPackager.command\" || echo \"Can't start packager automatically\"\n  fi\nfi\n";
			showEnvVarsInLog = 0;
		};
		FD10A7F122414F3F0027D42C /* Start Packager */ = {
			isa = PBXShellScriptBuildPhase;
			buildActionMask = 2147483647;
			files = (
			);
			inputFileListPaths = (
			);
			inputPaths = (
			);
			name = "Start Packager";
			outputFileListPaths = (
			);
			outputPaths = (
			);
			runOnlyForDeploymentPostprocessing = 0;
			shellPath = /bin/sh;
			shellScript = "export RCT_METRO_PORT=\"${RCT_METRO_PORT:=8081}\"\necho \"export RCT_METRO_PORT=${RCT_METRO_PORT}\" > \"${SRCROOT}/../node_modules/react-native/scripts/.packager.env\"\nif [ -z \"${RCT_NO_LAUNCH_PACKAGER+xxx}\" ] ; then\n  if nc -w 5 -z localhost ${RCT_METRO_PORT} ; then\n    if ! curl -s \"http://localhost:${RCT_METRO_PORT}/status\" | grep -q \"packager-status:running\" ; then\n      echo \"Port ${RCT_METRO_PORT} already in use, packager is either not running or not running correctly\"\n      exit 2\n    fi\n  else\n    open \"$SRCROOT/../node_modules/react-native/scripts/launchPackager.command\" || echo \"Can't start packager automatically\"\n  fi\nfi\n";
			showEnvVarsInLog = 0;
		};
/* End PBXShellScriptBuildPhase section */

/* Begin PBXSourcesBuildPhase section */
		00E356EA1AD99517003FC87E /* Sources */ = {
			isa = PBXSourcesBuildPhase;
			buildActionMask = 2147483647;
			files = (
				00E356F31AD99517003FC87E /* chartExampleTests.m in Sources */,
			);
			runOnlyForDeploymentPostprocessing = 0;
		};
		13B07F871A680F5B00A75B9A /* Sources */ = {
			isa = PBXSourcesBuildPhase;
			buildActionMask = 2147483647;
			files = (
				13B07FBC1A68108700A75B9A /* AppDelegate.m in Sources */,
				13B07FC11A68108700A75B9A /* main.m in Sources */,
			);
			runOnlyForDeploymentPostprocessing = 0;
		};
		2D02E4771E0B4A5D006451C7 /* Sources */ = {
			isa = PBXSourcesBuildPhase;
			buildActionMask = 2147483647;
			files = (
				2D02E4BF1E0B4AB3006451C7 /* main.m in Sources */,
				2D02E4BC1E0B4A80006451C7 /* AppDelegate.m in Sources */,
			);
			runOnlyForDeploymentPostprocessing = 0;
		};
		2D02E48C1E0B4A5D006451C7 /* Sources */ = {
			isa = PBXSourcesBuildPhase;
			buildActionMask = 2147483647;
			files = (
				2DCD954D1E0B4F2C00145EB5 /* chartExampleTests.m in Sources */,
			);
			runOnlyForDeploymentPostprocessing = 0;
		};
/* End PBXSourcesBuildPhase section */

/* Begin PBXTargetDependency section */
		00E356F51AD99517003FC87E /* PBXTargetDependency */ = {
			isa = PBXTargetDependency;
			target = 13B07F861A680F5B00A75B9A /* chartExample */;
			targetProxy = 00E356F41AD99517003FC87E /* PBXContainerItemProxy */;
		};
		2D02E4921E0B4A5D006451C7 /* PBXTargetDependency */ = {
			isa = PBXTargetDependency;
			target = 2D02E47A1E0B4A5D006451C7 /* chartExample-tvOS */;
			targetProxy = 2D02E4911E0B4A5D006451C7 /* PBXContainerItemProxy */;
		};
/* End PBXTargetDependency section */

/* Begin PBXVariantGroup section */
		13B07FB11A68108700A75B9A /* LaunchScreen.xib */ = {
			isa = PBXVariantGroup;
			children = (
				13B07FB21A68108700A75B9A /* Base */,
			);
			name = LaunchScreen.xib;
			path = chartExample;
			sourceTree = "<group>";
		};
/* End PBXVariantGroup section */

/* Begin XCBuildConfiguration section */
		00E356F61AD99517003FC87E /* Debug */ = {
			isa = XCBuildConfiguration;
			baseConfigurationReference = B685750F5E73703C8FAF9BD0 /* Pods-chartExample-chartExampleTests.debug.xcconfig */;
			buildSettings = {
				BUNDLE_LOADER = "$(TEST_HOST)";
				ENABLE_BITCODE = NO;
				GCC_PREPROCESSOR_DEFINITIONS = (
					"DEBUG=1",
					"$(inherited)",
				);
				INFOPLIST_FILE = chartExampleTests/Info.plist;
				IPHONEOS_DEPLOYMENT_TARGET = 9.0;
				LD_RUNPATH_SEARCH_PATHS = "$(inherited) @executable_path/Frameworks @loader_path/Frameworks";
				OTHER_LDFLAGS = (
					"-ObjC",
					"-lc++",
					"$(inherited)",
				);
				PRODUCT_BUNDLE_IDENTIFIER = "org.reactjs.native.example.$(PRODUCT_NAME:rfc1034identifier)";
				PRODUCT_NAME = "$(TARGET_NAME)";
				TEST_HOST = "$(BUILT_PRODUCTS_DIR)/chartExample.app/chartExample";
			};
			name = Debug;
		};
		00E356F71AD99517003FC87E /* Release */ = {
			isa = XCBuildConfiguration;
			baseConfigurationReference = 12865C225E6C65D4FD002072 /* Pods-chartExample-chartExampleTests.release.xcconfig */;
			buildSettings = {
				BUNDLE_LOADER = "$(TEST_HOST)";
				COPY_PHASE_STRIP = NO;
				ENABLE_BITCODE = NO;
				INFOPLIST_FILE = chartExampleTests/Info.plist;
				IPHONEOS_DEPLOYMENT_TARGET = 9.0;
				LD_RUNPATH_SEARCH_PATHS = "$(inherited) @executable_path/Frameworks @loader_path/Frameworks";
				OTHER_LDFLAGS = (
					"-ObjC",
					"-lc++",
					"$(inherited)",
				);
				PRODUCT_BUNDLE_IDENTIFIER = "org.reactjs.native.example.$(PRODUCT_NAME:rfc1034identifier)";
				PRODUCT_NAME = "$(TARGET_NAME)";
				TEST_HOST = "$(BUILT_PRODUCTS_DIR)/chartExample.app/chartExample";
			};
			name = Release;
		};
		13B07F941A680F5B00A75B9A /* Debug */ = {
			isa = XCBuildConfiguration;
			baseConfigurationReference = AD0B2A004A7C9B9034A37D0D /* Pods-chartExample.debug.xcconfig */;
			buildSettings = {
				ASSETCATALOG_COMPILER_APPICON_NAME = AppIcon;
				CLANG_ALLOW_NON_MODULAR_INCLUDES_IN_FRAMEWORK_MODULES = YES;
				CLANG_ENABLE_MODULES = YES;
				CURRENT_PROJECT_VERSION = 1;
				ENABLE_BITCODE = NO;
				GCC_PREPROCESSOR_DEFINITIONS = (
					"$(inherited)",
					"FB_SONARKIT_ENABLED=1",
				);
				HEADER_SEARCH_PATHS = (
					"$(inherited)",
					"\"${PODS_CONFIGURATION_BUILD_DIR}/Airship/Airship.framework/Headers\"",
					"\"${PODS_CONFIGURATION_BUILD_DIR}/Analytics/Segment.framework/Headers\"",
					"\"${PODS_CONFIGURATION_BUILD_DIR}/Branch/Branch.framework/Headers\"",
					"\"${PODS_CONFIGURATION_BUILD_DIR}/DoubleConversion/DoubleConversion.framework/Headers\"",
					"\"${PODS_CONFIGURATION_BUILD_DIR}/EXApplication/EXApplication.framework/Headers\"",
					"\"${PODS_CONFIGURATION_BUILD_DIR}/EXConstants/EXConstants.framework/Headers\"",
					"\"${PODS_CONFIGURATION_BUILD_DIR}/EXErrorRecovery/EXErrorRecovery.framework/Headers\"",
					"\"${PODS_CONFIGURATION_BUILD_DIR}/EXFont/EXFont.framework/Headers\"",
					"\"${PODS_CONFIGURATION_BUILD_DIR}/EXImageLoader/EXImageLoader.framework/Headers\"",
					"\"${PODS_CONFIGURATION_BUILD_DIR}/EXKeepAwake/EXKeepAwake.framework/Headers\"",
					"\"${PODS_CONFIGURATION_BUILD_DIR}/EXLinearGradient/EXLinearGradient.framework/Headers\"",
					"\"${PODS_CONFIGURATION_BUILD_DIR}/EXLocation/EXLocation.framework/Headers\"",
					"\"${PODS_CONFIGURATION_BUILD_DIR}/EXMediaLibrary/EXMediaLibrary.framework/Headers\"",
					"\"${PODS_CONFIGURATION_BUILD_DIR}/EXNotifications/EXNotifications.framework/Headers\"",
					"\"${PODS_CONFIGURATION_BUILD_DIR}/EXPermissions/EXPermissions.framework/Headers\"",
					"\"${PODS_CONFIGURATION_BUILD_DIR}/EXSQLite/EXSQLite.framework/Headers\"",
					"\"${PODS_CONFIGURATION_BUILD_DIR}/EXSecureStore/EXSecureStore.framework/Headers\"",
					"\"${PODS_CONFIGURATION_BUILD_DIR}/EXSharing/EXSharing.framework/Headers\"",
					"\"${PODS_CONFIGURATION_BUILD_DIR}/FBReactNativeSpec/FBReactNativeSpec.framework/Headers\"",
					"\"${PODS_CONFIGURATION_BUILD_DIR}/Folly/folly.framework/Headers\"",
					"\"${PODS_CONFIGURATION_BUILD_DIR}/RCTTypeSafety/RCTTypeSafety.framework/Headers\"",
					"\"${PODS_CONFIGURATION_BUILD_DIR}/RNAWSCognito/RNAWSCognito.framework/Headers\"",
					"\"${PODS_CONFIGURATION_BUILD_DIR}/RNAnalytics/RNAnalytics.framework/Headers\"",
					"\"${PODS_CONFIGURATION_BUILD_DIR}/RNBootSplash/RNBootSplash.framework/Headers\"",
					"\"${PODS_CONFIGURATION_BUILD_DIR}/RNCAsyncStorage/RNCAsyncStorage.framework/Headers\"",
					"\"${PODS_CONFIGURATION_BUILD_DIR}/RNCMaskedView/RNCMaskedView.framework/Headers\"",
					"\"${PODS_CONFIGURATION_BUILD_DIR}/RNDateTimePicker/RNDateTimePicker.framework/Headers\"",
					"\"${PODS_CONFIGURATION_BUILD_DIR}/RNFS/RNFS.framework/Headers\"",
					"\"${PODS_CONFIGURATION_BUILD_DIR}/RNFastImage/RNFastImage.framework/Headers\"",
					"\"${PODS_CONFIGURATION_BUILD_DIR}/RNGestureHandler/RNGestureHandler.framework/Headers\"",
					"\"${PODS_CONFIGURATION_BUILD_DIR}/RNLocalize/RNLocalize.framework/Headers\"",
					"\"${PODS_CONFIGURATION_BUILD_DIR}/RNReanimated/RNReanimated.framework/Headers\"",
					"\"${PODS_CONFIGURATION_BUILD_DIR}/RNSVG/RNSVG.framework/Headers\"",
					"\"${PODS_CONFIGURATION_BUILD_DIR}/RNScreens/RNScreens.framework/Headers\"",
					"\"${PODS_CONFIGURATION_BUILD_DIR}/RNSentry/RNSentry.framework/Headers\"",
					"\"${PODS_CONFIGURATION_BUILD_DIR}/RNVectorIcons/RNVectorIcons.framework/Headers\"",
					"\"${PODS_CONFIGURATION_BUILD_DIR}/React-Core/React.framework/Headers\"",
					"\"${PODS_CONFIGURATION_BUILD_DIR}/React-CoreModules/CoreModules.framework/Headers\"",
					"\"${PODS_CONFIGURATION_BUILD_DIR}/React-RCTAnimation/RCTAnimation.framework/Headers\"",
					"\"${PODS_CONFIGURATION_BUILD_DIR}/React-RCTBlob/RCTBlob.framework/Headers\"",
					"\"${PODS_CONFIGURATION_BUILD_DIR}/React-RCTImage/RCTImage.framework/Headers\"",
					"\"${PODS_CONFIGURATION_BUILD_DIR}/React-RCTLinking/RCTLinking.framework/Headers\"",
					"\"${PODS_CONFIGURATION_BUILD_DIR}/React-RCTNetwork/RCTNetwork.framework/Headers\"",
					"\"${PODS_CONFIGURATION_BUILD_DIR}/React-RCTSettings/RCTSettings.framework/Headers\"",
					"\"${PODS_CONFIGURATION_BUILD_DIR}/React-RCTText/RCTText.framework/Headers\"",
					"\"${PODS_CONFIGURATION_BUILD_DIR}/React-RCTVibration/RCTVibration.framework/Headers\"",
					"\"${PODS_CONFIGURATION_BUILD_DIR}/React-cxxreact/cxxreact.framework/Headers\"",
					"\"${PODS_CONFIGURATION_BUILD_DIR}/React-jsi/jsi.framework/Headers\"",
					"\"${PODS_CONFIGURATION_BUILD_DIR}/React-jsiexecutor/jsireact.framework/Headers\"",
					"\"${PODS_CONFIGURATION_BUILD_DIR}/React-jsinspector/jsinspector.framework/Headers\"",
					"\"${PODS_CONFIGURATION_BUILD_DIR}/ReactCommon/ReactCommon.framework/Headers\"",
					"\"${PODS_CONFIGURATION_BUILD_DIR}/ReactNativeExceptionHandler/ReactNativeExceptionHandler.framework/Headers\"",
					"\"${PODS_CONFIGURATION_BUILD_DIR}/ReactNativeLocalization/ReactNativeLocalization.framework/Headers\"",
					"\"${PODS_CONFIGURATION_BUILD_DIR}/SDWebImage/SDWebImage.framework/Headers\"",
					"\"${PODS_CONFIGURATION_BUILD_DIR}/SDWebImageWebPCoder/SDWebImageWebPCoder.framework/Headers\"",
					"\"${PODS_CONFIGURATION_BUILD_DIR}/Sentry/Sentry.framework/Headers\"",
					"\"${PODS_CONFIGURATION_BUILD_DIR}/TouchID/TouchID.framework/Headers\"",
					"\"${PODS_CONFIGURATION_BUILD_DIR}/UMAppLoader/UMAppLoader.framework/Headers\"",
					"\"${PODS_CONFIGURATION_BUILD_DIR}/UMPermissionsInterface/UMPermissionsInterface.framework/Headers\"",
					"\"${PODS_CONFIGURATION_BUILD_DIR}/Yoga/yoga.framework/Headers\"",
					"\"${PODS_CONFIGURATION_BUILD_DIR}/glog/glog.framework/Headers\"",
					"\"${PODS_CONFIGURATION_BUILD_DIR}/libwebp/libwebp.framework/Headers\"",
					"\"${PODS_CONFIGURATION_BUILD_DIR}/react-native-authenteq-flow/react_native_authenteq_flow.framework/Headers\"",
					"\"${PODS_CONFIGURATION_BUILD_DIR}/react-native-branch/RNBranch.framework/Headers\"",
					"\"${PODS_CONFIGURATION_BUILD_DIR}/react-native-config/react_native_config.framework/Headers\"",
					"\"${PODS_CONFIGURATION_BUILD_DIR}/react-native-document-picker/react_native_document_picker.framework/Headers\"",
					"\"${PODS_CONFIGURATION_BUILD_DIR}/react-native-image-picker/react_native_image_picker.framework/Headers\"",
					"\"${PODS_CONFIGURATION_BUILD_DIR}/react-native-netinfo/react_native_netinfo.framework/Headers\"",
					"\"${PODS_CONFIGURATION_BUILD_DIR}/react-native-pdf/react_native_pdf.framework/Headers\"",
					"\"${PODS_CONFIGURATION_BUILD_DIR}/react-native-progress-view/react_native_progress_view.framework/Headers\"",
					"\"${PODS_CONFIGURATION_BUILD_DIR}/react-native-safe-area-context/react_native_safe_area_context.framework/Headers\"",
					"\"${PODS_CONFIGURATION_BUILD_DIR}/react-native-version-number/react_native_version_number.framework/Headers\"",
					"\"${PODS_CONFIGURATION_BUILD_DIR}/react-native-webview/react_native_webview.framework/Headers\"",
					"\"${PODS_CONFIGURATION_BUILD_DIR}/rn-fetch-blob/rn_fetch_blob.framework/Headers\"",
					"\"${PODS_CONFIGURATION_BUILD_DIR}/smartlook-react-native-bridge/smartlook_react_native_bridge.framework/Headers\"",
					"\"${PODS_CONFIGURATION_BUILD_DIR}/toolbar-android/toolbar_android.framework/Headers\"",
					"\"${PODS_CONFIGURATION_BUILD_DIR}/urbanairship-react-native/urbanairship_react_native.framework/Headers\"",
					"\"${PODS_ROOT}/Headers/Public\"",
					"\"${PODS_ROOT}/Headers/Public/EXFileSystem\"",
					"\"${PODS_ROOT}/Headers/Public/FBLazyVector\"",
					"\"${PODS_ROOT}/Headers/Public/RCTRequired\"",
					"\"${PODS_ROOT}/Headers/Public/UMBarCodeScannerInterface\"",
					"\"${PODS_ROOT}/Headers/Public/UMCameraInterface\"",
					"\"${PODS_ROOT}/Headers/Public/UMConstantsInterface\"",
					"\"${PODS_ROOT}/Headers/Public/UMCore\"",
					"\"${PODS_ROOT}/Headers/Public/UMFaceDetectorInterface\"",
					"\"${PODS_ROOT}/Headers/Public/UMFileSystemInterface\"",
					"\"${PODS_ROOT}/Headers/Public/UMFontInterface\"",
					"\"${PODS_ROOT}/Headers/Public/UMImageLoaderInterface\"",
					"\"${PODS_ROOT}/Headers/Public/UMReactNativeAdapter\"",
					"\"${PODS_ROOT}/Headers/Public/UMSensorsInterface\"",
					"\"${PODS_ROOT}/Headers/Public/UMTaskManagerInterface\"",
					"$(inherited)\n\n${PODS_ROOT}\n\n${SRCROOT}/../../../ios/Pods/Headers/**",
					"\"$(PODS_ROOT)/Headers/Private/React-Core\"",
				);
				INFOPLIST_FILE = chartExample/Info.plist;
				LD_RUNPATH_SEARCH_PATHS = "$(inherited) @executable_path/Frameworks";
				OTHER_LDFLAGS = (
					"$(inherited)",
					"-ObjC",
					"-lc++",
				);
				OTHER_SWIFT_FLAGS = "$(inherited) -D COCOAPODS ";
				PRODUCT_BUNDLE_IDENTIFIER = "org.reactjs.native.example.$(PRODUCT_NAME:rfc1034identifier)";
				PRODUCT_NAME = chartExample;
				SWIFT_OPTIMIZATION_LEVEL = "-Onone";
				SWIFT_VERSION = 5.0;
				USE_HEADERMAP = NO;
				VERSIONING_SYSTEM = "apple-generic";
			};
			name = Debug;
		};
		13B07F951A680F5B00A75B9A /* Release */ = {
			isa = XCBuildConfiguration;
			baseConfigurationReference = A8DD7124B81D57BA8D97CF74 /* Pods-chartExample.release.xcconfig */;
			buildSettings = {
				ASSETCATALOG_COMPILER_APPICON_NAME = AppIcon;
				CLANG_ALLOW_NON_MODULAR_INCLUDES_IN_FRAMEWORK_MODULES = YES;
				CLANG_ENABLE_MODULES = YES;
				CURRENT_PROJECT_VERSION = 1;
				ENABLE_BITCODE = NO;
				HEADER_SEARCH_PATHS = (
					"$(inherited)",
					"\"${PODS_CONFIGURATION_BUILD_DIR}/Airship/Airship.framework/Headers\"",
					"\"${PODS_CONFIGURATION_BUILD_DIR}/Analytics/Segment.framework/Headers\"",
					"\"${PODS_CONFIGURATION_BUILD_DIR}/Branch/Branch.framework/Headers\"",
					"\"${PODS_CONFIGURATION_BUILD_DIR}/DoubleConversion/DoubleConversion.framework/Headers\"",
					"\"${PODS_CONFIGURATION_BUILD_DIR}/EXApplication/EXApplication.framework/Headers\"",
					"\"${PODS_CONFIGURATION_BUILD_DIR}/EXConstants/EXConstants.framework/Headers\"",
					"\"${PODS_CONFIGURATION_BUILD_DIR}/EXErrorRecovery/EXErrorRecovery.framework/Headers\"",
					"\"${PODS_CONFIGURATION_BUILD_DIR}/EXFont/EXFont.framework/Headers\"",
					"\"${PODS_CONFIGURATION_BUILD_DIR}/EXImageLoader/EXImageLoader.framework/Headers\"",
					"\"${PODS_CONFIGURATION_BUILD_DIR}/EXKeepAwake/EXKeepAwake.framework/Headers\"",
					"\"${PODS_CONFIGURATION_BUILD_DIR}/EXLinearGradient/EXLinearGradient.framework/Headers\"",
					"\"${PODS_CONFIGURATION_BUILD_DIR}/EXLocation/EXLocation.framework/Headers\"",
					"\"${PODS_CONFIGURATION_BUILD_DIR}/EXMediaLibrary/EXMediaLibrary.framework/Headers\"",
					"\"${PODS_CONFIGURATION_BUILD_DIR}/EXNotifications/EXNotifications.framework/Headers\"",
					"\"${PODS_CONFIGURATION_BUILD_DIR}/EXPermissions/EXPermissions.framework/Headers\"",
					"\"${PODS_CONFIGURATION_BUILD_DIR}/EXSQLite/EXSQLite.framework/Headers\"",
					"\"${PODS_CONFIGURATION_BUILD_DIR}/EXSecureStore/EXSecureStore.framework/Headers\"",
					"\"${PODS_CONFIGURATION_BUILD_DIR}/EXSharing/EXSharing.framework/Headers\"",
					"\"${PODS_CONFIGURATION_BUILD_DIR}/FBReactNativeSpec/FBReactNativeSpec.framework/Headers\"",
					"\"${PODS_CONFIGURATION_BUILD_DIR}/Folly/folly.framework/Headers\"",
					"\"${PODS_CONFIGURATION_BUILD_DIR}/RCTTypeSafety/RCTTypeSafety.framework/Headers\"",
					"\"${PODS_CONFIGURATION_BUILD_DIR}/RNAWSCognito/RNAWSCognito.framework/Headers\"",
					"\"${PODS_CONFIGURATION_BUILD_DIR}/RNAnalytics/RNAnalytics.framework/Headers\"",
					"\"${PODS_CONFIGURATION_BUILD_DIR}/RNBootSplash/RNBootSplash.framework/Headers\"",
					"\"${PODS_CONFIGURATION_BUILD_DIR}/RNCAsyncStorage/RNCAsyncStorage.framework/Headers\"",
					"\"${PODS_CONFIGURATION_BUILD_DIR}/RNCMaskedView/RNCMaskedView.framework/Headers\"",
					"\"${PODS_CONFIGURATION_BUILD_DIR}/RNDateTimePicker/RNDateTimePicker.framework/Headers\"",
					"\"${PODS_CONFIGURATION_BUILD_DIR}/RNFS/RNFS.framework/Headers\"",
					"\"${PODS_CONFIGURATION_BUILD_DIR}/RNFastImage/RNFastImage.framework/Headers\"",
					"\"${PODS_CONFIGURATION_BUILD_DIR}/RNGestureHandler/RNGestureHandler.framework/Headers\"",
					"\"${PODS_CONFIGURATION_BUILD_DIR}/RNLocalize/RNLocalize.framework/Headers\"",
					"\"${PODS_CONFIGURATION_BUILD_DIR}/RNReanimated/RNReanimated.framework/Headers\"",
					"\"${PODS_CONFIGURATION_BUILD_DIR}/RNSVG/RNSVG.framework/Headers\"",
					"\"${PODS_CONFIGURATION_BUILD_DIR}/RNScreens/RNScreens.framework/Headers\"",
					"\"${PODS_CONFIGURATION_BUILD_DIR}/RNSentry/RNSentry.framework/Headers\"",
					"\"${PODS_CONFIGURATION_BUILD_DIR}/RNVectorIcons/RNVectorIcons.framework/Headers\"",
					"\"${PODS_CONFIGURATION_BUILD_DIR}/React-Core/React.framework/Headers\"",
					"\"${PODS_CONFIGURATION_BUILD_DIR}/React-CoreModules/CoreModules.framework/Headers\"",
					"\"${PODS_CONFIGURATION_BUILD_DIR}/React-RCTAnimation/RCTAnimation.framework/Headers\"",
					"\"${PODS_CONFIGURATION_BUILD_DIR}/React-RCTBlob/RCTBlob.framework/Headers\"",
					"\"${PODS_CONFIGURATION_BUILD_DIR}/React-RCTImage/RCTImage.framework/Headers\"",
					"\"${PODS_CONFIGURATION_BUILD_DIR}/React-RCTLinking/RCTLinking.framework/Headers\"",
					"\"${PODS_CONFIGURATION_BUILD_DIR}/React-RCTNetwork/RCTNetwork.framework/Headers\"",
					"\"${PODS_CONFIGURATION_BUILD_DIR}/React-RCTSettings/RCTSettings.framework/Headers\"",
					"\"${PODS_CONFIGURATION_BUILD_DIR}/React-RCTText/RCTText.framework/Headers\"",
					"\"${PODS_CONFIGURATION_BUILD_DIR}/React-RCTVibration/RCTVibration.framework/Headers\"",
					"\"${PODS_CONFIGURATION_BUILD_DIR}/React-cxxreact/cxxreact.framework/Headers\"",
					"\"${PODS_CONFIGURATION_BUILD_DIR}/React-jsi/jsi.framework/Headers\"",
					"\"${PODS_CONFIGURATION_BUILD_DIR}/React-jsiexecutor/jsireact.framework/Headers\"",
					"\"${PODS_CONFIGURATION_BUILD_DIR}/React-jsinspector/jsinspector.framework/Headers\"",
					"\"${PODS_CONFIGURATION_BUILD_DIR}/ReactCommon/ReactCommon.framework/Headers\"",
					"\"${PODS_CONFIGURATION_BUILD_DIR}/ReactNativeExceptionHandler/ReactNativeExceptionHandler.framework/Headers\"",
					"\"${PODS_CONFIGURATION_BUILD_DIR}/ReactNativeLocalization/ReactNativeLocalization.framework/Headers\"",
					"\"${PODS_CONFIGURATION_BUILD_DIR}/SDWebImage/SDWebImage.framework/Headers\"",
					"\"${PODS_CONFIGURATION_BUILD_DIR}/SDWebImageWebPCoder/SDWebImageWebPCoder.framework/Headers\"",
					"\"${PODS_CONFIGURATION_BUILD_DIR}/Sentry/Sentry.framework/Headers\"",
					"\"${PODS_CONFIGURATION_BUILD_DIR}/TouchID/TouchID.framework/Headers\"",
					"\"${PODS_CONFIGURATION_BUILD_DIR}/UMAppLoader/UMAppLoader.framework/Headers\"",
					"\"${PODS_CONFIGURATION_BUILD_DIR}/UMPermissionsInterface/UMPermissionsInterface.framework/Headers\"",
					"\"${PODS_CONFIGURATION_BUILD_DIR}/Yoga/yoga.framework/Headers\"",
					"\"${PODS_CONFIGURATION_BUILD_DIR}/glog/glog.framework/Headers\"",
					"\"${PODS_CONFIGURATION_BUILD_DIR}/libwebp/libwebp.framework/Headers\"",
					"\"${PODS_CONFIGURATION_BUILD_DIR}/react-native-authenteq-flow/react_native_authenteq_flow.framework/Headers\"",
					"\"${PODS_CONFIGURATION_BUILD_DIR}/react-native-branch/RNBranch.framework/Headers\"",
					"\"${PODS_CONFIGURATION_BUILD_DIR}/react-native-config/react_native_config.framework/Headers\"",
					"\"${PODS_CONFIGURATION_BUILD_DIR}/react-native-document-picker/react_native_document_picker.framework/Headers\"",
					"\"${PODS_CONFIGURATION_BUILD_DIR}/react-native-image-picker/react_native_image_picker.framework/Headers\"",
					"\"${PODS_CONFIGURATION_BUILD_DIR}/react-native-netinfo/react_native_netinfo.framework/Headers\"",
					"\"${PODS_CONFIGURATION_BUILD_DIR}/react-native-pdf/react_native_pdf.framework/Headers\"",
					"\"${PODS_CONFIGURATION_BUILD_DIR}/react-native-progress-view/react_native_progress_view.framework/Headers\"",
					"\"${PODS_CONFIGURATION_BUILD_DIR}/react-native-safe-area-context/react_native_safe_area_context.framework/Headers\"",
					"\"${PODS_CONFIGURATION_BUILD_DIR}/react-native-version-number/react_native_version_number.framework/Headers\"",
					"\"${PODS_CONFIGURATION_BUILD_DIR}/react-native-webview/react_native_webview.framework/Headers\"",
					"\"${PODS_CONFIGURATION_BUILD_DIR}/rn-fetch-blob/rn_fetch_blob.framework/Headers\"",
					"\"${PODS_CONFIGURATION_BUILD_DIR}/smartlook-react-native-bridge/smartlook_react_native_bridge.framework/Headers\"",
					"\"${PODS_CONFIGURATION_BUILD_DIR}/toolbar-android/toolbar_android.framework/Headers\"",
					"\"${PODS_CONFIGURATION_BUILD_DIR}/urbanairship-react-native/urbanairship_react_native.framework/Headers\"",
					"\"${PODS_ROOT}/Headers/Public\"",
					"\"${PODS_ROOT}/Headers/Public/EXFileSystem\"",
					"\"${PODS_ROOT}/Headers/Public/FBLazyVector\"",
					"\"${PODS_ROOT}/Headers/Public/RCTRequired\"",
					"\"${PODS_ROOT}/Headers/Public/UMBarCodeScannerInterface\"",
					"\"${PODS_ROOT}/Headers/Public/UMCameraInterface\"",
					"\"${PODS_ROOT}/Headers/Public/UMConstantsInterface\"",
					"\"${PODS_ROOT}/Headers/Public/UMCore\"",
					"\"${PODS_ROOT}/Headers/Public/UMFaceDetectorInterface\"",
					"\"${PODS_ROOT}/Headers/Public/UMFileSystemInterface\"",
					"\"${PODS_ROOT}/Headers/Public/UMFontInterface\"",
					"\"${PODS_ROOT}/Headers/Public/UMImageLoaderInterface\"",
					"\"${PODS_ROOT}/Headers/Public/UMReactNativeAdapter\"",
					"\"${PODS_ROOT}/Headers/Public/UMSensorsInterface\"",
					"\"${PODS_ROOT}/Headers/Public/UMTaskManagerInterface\"",
					"$(inherited)\n\n${PODS_ROOT}\n\n${SRCROOT}/../../../ios/Pods/Headers/**",
					"\"$(PODS_ROOT)/Headers/Private/React-Core\"",
				);
				INFOPLIST_FILE = chartExample/Info.plist;
				LD_RUNPATH_SEARCH_PATHS = "$(inherited) @executable_path/Frameworks";
				OTHER_LDFLAGS = (
					"$(inherited)",
					"-ObjC",
					"-lc++",
				);
				OTHER_SWIFT_FLAGS = "$(inherited) -D COCOAPODS ";
				PRODUCT_BUNDLE_IDENTIFIER = "org.reactjs.native.example.$(PRODUCT_NAME:rfc1034identifier)";
				PRODUCT_NAME = chartExample;
				SWIFT_VERSION = 5.0;
				USE_HEADERMAP = NO;
				VERSIONING_SYSTEM = "apple-generic";
			};
			name = Release;
		};
		2D02E4971E0B4A5E006451C7 /* Debug */ = {
			isa = XCBuildConfiguration;
			baseConfigurationReference = BE0881A049E16628C0A2A7F0 /* Pods-chartExample-tvOS.debug.xcconfig */;
			buildSettings = {
				ASSETCATALOG_COMPILER_APPICON_NAME = "App Icon & Top Shelf Image";
				ASSETCATALOG_COMPILER_LAUNCHIMAGE_NAME = LaunchImage;
				CLANG_ALLOW_NON_MODULAR_INCLUDES_IN_FRAMEWORK_MODULES = YES;
				CLANG_ANALYZER_NONNULL = YES;
				CLANG_WARN_DOCUMENTATION_COMMENTS = YES;
				CLANG_WARN_INFINITE_RECURSION = YES;
				CLANG_WARN_SUSPICIOUS_MOVE = YES;
				DEBUG_INFORMATION_FORMAT = dwarf;
				ENABLE_TESTABILITY = YES;
				GCC_NO_COMMON_BLOCKS = YES;
				INFOPLIST_FILE = "chartExample-tvOS/Info.plist";
				LD_RUNPATH_SEARCH_PATHS = "$(inherited) @executable_path/Frameworks";
				OTHER_LDFLAGS = (
					"$(inherited)",
					"-ObjC",
					"-lc++",
				);
				PRODUCT_BUNDLE_IDENTIFIER = "org.reactjs.native.example.chartExample-tvOS";
				PRODUCT_NAME = "$(TARGET_NAME)";
				SDKROOT = appletvos;
				TARGETED_DEVICE_FAMILY = 3;
				TVOS_DEPLOYMENT_TARGET = 9.2;
				USE_HEADERMAP = NO;
			};
			name = Debug;
		};
		2D02E4981E0B4A5E006451C7 /* Release */ = {
			isa = XCBuildConfiguration;
			baseConfigurationReference = 4B4FC3FC785C432CD2DE25D5 /* Pods-chartExample-tvOS.release.xcconfig */;
			buildSettings = {
				ASSETCATALOG_COMPILER_APPICON_NAME = "App Icon & Top Shelf Image";
				ASSETCATALOG_COMPILER_LAUNCHIMAGE_NAME = LaunchImage;
				CLANG_ALLOW_NON_MODULAR_INCLUDES_IN_FRAMEWORK_MODULES = YES;
				CLANG_ANALYZER_NONNULL = YES;
				CLANG_WARN_DOCUMENTATION_COMMENTS = YES;
				CLANG_WARN_INFINITE_RECURSION = YES;
				CLANG_WARN_SUSPICIOUS_MOVE = YES;
				COPY_PHASE_STRIP = NO;
				DEBUG_INFORMATION_FORMAT = "dwarf-with-dsym";
				GCC_NO_COMMON_BLOCKS = YES;
				INFOPLIST_FILE = "chartExample-tvOS/Info.plist";
				LD_RUNPATH_SEARCH_PATHS = "$(inherited) @executable_path/Frameworks";
				OTHER_LDFLAGS = (
					"$(inherited)",
					"-ObjC",
					"-lc++",
				);
				PRODUCT_BUNDLE_IDENTIFIER = "org.reactjs.native.example.chartExample-tvOS";
				PRODUCT_NAME = "$(TARGET_NAME)";
				SDKROOT = appletvos;
				TARGETED_DEVICE_FAMILY = 3;
				TVOS_DEPLOYMENT_TARGET = 9.2;
				USE_HEADERMAP = NO;
			};
			name = Release;
		};
		2D02E4991E0B4A5E006451C7 /* Debug */ = {
			isa = XCBuildConfiguration;
			baseConfigurationReference = 3CD92C3E4A132D1634D6BD97 /* Pods-chartExample-tvOSTests.debug.xcconfig */;
			buildSettings = {
				BUNDLE_LOADER = "$(TEST_HOST)";
				CLANG_ANALYZER_NONNULL = YES;
				CLANG_WARN_DOCUMENTATION_COMMENTS = YES;
				CLANG_WARN_INFINITE_RECURSION = YES;
				CLANG_WARN_SUSPICIOUS_MOVE = YES;
				DEBUG_INFORMATION_FORMAT = dwarf;
				ENABLE_TESTABILITY = YES;
				GCC_NO_COMMON_BLOCKS = YES;
				INFOPLIST_FILE = "chartExample-tvOSTests/Info.plist";
				LD_RUNPATH_SEARCH_PATHS = "$(inherited) @executable_path/Frameworks @loader_path/Frameworks";
				OTHER_LDFLAGS = (
					"$(inherited)",
					"-ObjC",
					"-lc++",
				);
				PRODUCT_BUNDLE_IDENTIFIER = "org.reactjs.native.example.chartExample-tvOSTests";
				PRODUCT_NAME = "$(TARGET_NAME)";
				SDKROOT = appletvos;
				TEST_HOST = "$(BUILT_PRODUCTS_DIR)/chartExample-tvOS.app/chartExample-tvOS";
				TVOS_DEPLOYMENT_TARGET = 10.1;
			};
			name = Debug;
		};
		2D02E49A1E0B4A5E006451C7 /* Release */ = {
			isa = XCBuildConfiguration;
			baseConfigurationReference = 852C57B3CC11536AB91B1A0E /* Pods-chartExample-tvOSTests.release.xcconfig */;
			buildSettings = {
				BUNDLE_LOADER = "$(TEST_HOST)";
				CLANG_ANALYZER_NONNULL = YES;
				CLANG_WARN_DOCUMENTATION_COMMENTS = YES;
				CLANG_WARN_INFINITE_RECURSION = YES;
				CLANG_WARN_SUSPICIOUS_MOVE = YES;
				COPY_PHASE_STRIP = NO;
				DEBUG_INFORMATION_FORMAT = "dwarf-with-dsym";
				GCC_NO_COMMON_BLOCKS = YES;
				INFOPLIST_FILE = "chartExample-tvOSTests/Info.plist";
				LD_RUNPATH_SEARCH_PATHS = "$(inherited) @executable_path/Frameworks @loader_path/Frameworks";
				OTHER_LDFLAGS = (
					"$(inherited)",
					"-ObjC",
					"-lc++",
				);
				PRODUCT_BUNDLE_IDENTIFIER = "org.reactjs.native.example.chartExample-tvOSTests";
				PRODUCT_NAME = "$(TARGET_NAME)";
				SDKROOT = appletvos;
				TEST_HOST = "$(BUILT_PRODUCTS_DIR)/chartExample-tvOS.app/chartExample-tvOS";
				TVOS_DEPLOYMENT_TARGET = 10.1;
			};
			name = Release;
		};
		83CBBA201A601CBA00E9B192 /* Debug */ = {
			isa = XCBuildConfiguration;
			buildSettings = {
				ALWAYS_SEARCH_USER_PATHS = NO;
				CLANG_ALLOW_NON_MODULAR_INCLUDES_IN_FRAMEWORK_MODULES = YES;
				CLANG_ANALYZER_LOCALIZABILITY_NONLOCALIZED = YES;
				CLANG_CXX_LANGUAGE_STANDARD = "gnu++0x";
				CLANG_CXX_LIBRARY = "libc++";
				CLANG_ENABLE_MODULES = YES;
				CLANG_ENABLE_OBJC_ARC = YES;
				CLANG_WARN_BLOCK_CAPTURE_AUTORELEASING = YES;
				CLANG_WARN_BOOL_CONVERSION = YES;
				CLANG_WARN_COMMA = YES;
				CLANG_WARN_CONSTANT_CONVERSION = YES;
				CLANG_WARN_DEPRECATED_OBJC_IMPLEMENTATIONS = YES;
				CLANG_WARN_DIRECT_OBJC_ISA_USAGE = YES_ERROR;
				CLANG_WARN_EMPTY_BODY = YES;
				CLANG_WARN_ENUM_CONVERSION = YES;
				CLANG_WARN_INFINITE_RECURSION = YES;
				CLANG_WARN_INT_CONVERSION = YES;
				CLANG_WARN_NON_LITERAL_NULL_CONVERSION = YES;
				CLANG_WARN_OBJC_IMPLICIT_RETAIN_SELF = YES;
				CLANG_WARN_OBJC_LITERAL_CONVERSION = YES;
				CLANG_WARN_OBJC_ROOT_CLASS = YES_ERROR;
				CLANG_WARN_RANGE_LOOP_ANALYSIS = YES;
				CLANG_WARN_STRICT_PROTOTYPES = YES;
				CLANG_WARN_SUSPICIOUS_MOVE = YES;
				CLANG_WARN_UNREACHABLE_CODE = YES;
				CLANG_WARN__DUPLICATE_METHOD_MATCH = YES;
				"CODE_SIGN_IDENTITY[sdk=iphoneos*]" = "iPhone Developer";
				COPY_PHASE_STRIP = NO;
				ENABLE_BITCODE = NO;
				ENABLE_STRICT_OBJC_MSGSEND = YES;
				ENABLE_TESTABILITY = YES;
				GCC_C_LANGUAGE_STANDARD = gnu99;
				GCC_DYNAMIC_NO_PIC = NO;
				GCC_NO_COMMON_BLOCKS = YES;
				GCC_OPTIMIZATION_LEVEL = 0;
				GCC_PREPROCESSOR_DEFINITIONS = (
					"DEBUG=1",
					"$(inherited)",
				);
				GCC_SYMBOLS_PRIVATE_EXTERN = NO;
				GCC_WARN_64_TO_32_BIT_CONVERSION = YES;
				GCC_WARN_ABOUT_RETURN_TYPE = YES_ERROR;
				GCC_WARN_UNDECLARED_SELECTOR = YES;
				GCC_WARN_UNINITIALIZED_AUTOS = YES_AGGRESSIVE;
				GCC_WARN_UNUSED_FUNCTION = YES;
				GCC_WARN_UNUSED_VARIABLE = YES;
				IPHONEOS_DEPLOYMENT_TARGET = 9.0;
				LD_RUNPATH_SEARCH_PATHS = "/usr/lib/swift $(inherited)";
				LIBRARY_SEARCH_PATHS = (
					"\"$(TOOLCHAIN_DIR)/usr/lib/swift/$(PLATFORM_NAME)\"",
					"\"$(TOOLCHAIN_DIR)/usr/lib/swift-5.0/$(PLATFORM_NAME)\"",
					"\"$(inherited)\"",
				);
				MTL_ENABLE_DEBUG_INFO = YES;
				ONLY_ACTIVE_ARCH = YES;
				SDKROOT = iphoneos;
				USE_HEADERMAP = NO;
			};
			name = Debug;
		};
		83CBBA211A601CBA00E9B192 /* Release */ = {
			isa = XCBuildConfiguration;
			buildSettings = {
				ALWAYS_SEARCH_USER_PATHS = NO;
				CLANG_ALLOW_NON_MODULAR_INCLUDES_IN_FRAMEWORK_MODULES = YES;
				CLANG_ANALYZER_LOCALIZABILITY_NONLOCALIZED = YES;
				CLANG_CXX_LANGUAGE_STANDARD = "gnu++0x";
				CLANG_CXX_LIBRARY = "libc++";
				CLANG_ENABLE_MODULES = YES;
				CLANG_ENABLE_OBJC_ARC = YES;
				CLANG_WARN_BLOCK_CAPTURE_AUTORELEASING = YES;
				CLANG_WARN_BOOL_CONVERSION = YES;
				CLANG_WARN_COMMA = YES;
				CLANG_WARN_CONSTANT_CONVERSION = YES;
				CLANG_WARN_DEPRECATED_OBJC_IMPLEMENTATIONS = YES;
				CLANG_WARN_DIRECT_OBJC_ISA_USAGE = YES_ERROR;
				CLANG_WARN_EMPTY_BODY = YES;
				CLANG_WARN_ENUM_CONVERSION = YES;
				CLANG_WARN_INFINITE_RECURSION = YES;
				CLANG_WARN_INT_CONVERSION = YES;
				CLANG_WARN_NON_LITERAL_NULL_CONVERSION = YES;
				CLANG_WARN_OBJC_IMPLICIT_RETAIN_SELF = YES;
				CLANG_WARN_OBJC_LITERAL_CONVERSION = YES;
				CLANG_WARN_OBJC_ROOT_CLASS = YES_ERROR;
				CLANG_WARN_RANGE_LOOP_ANALYSIS = YES;
				CLANG_WARN_STRICT_PROTOTYPES = YES;
				CLANG_WARN_SUSPICIOUS_MOVE = YES;
				CLANG_WARN_UNREACHABLE_CODE = YES;
				CLANG_WARN__DUPLICATE_METHOD_MATCH = YES;
				"CODE_SIGN_IDENTITY[sdk=iphoneos*]" = "iPhone Developer";
				COPY_PHASE_STRIP = YES;
				ENABLE_BITCODE = NO;
				ENABLE_NS_ASSERTIONS = NO;
				ENABLE_STRICT_OBJC_MSGSEND = YES;
				GCC_C_LANGUAGE_STANDARD = gnu99;
				GCC_NO_COMMON_BLOCKS = YES;
				GCC_WARN_64_TO_32_BIT_CONVERSION = YES;
				GCC_WARN_ABOUT_RETURN_TYPE = YES_ERROR;
				GCC_WARN_UNDECLARED_SELECTOR = YES;
				GCC_WARN_UNINITIALIZED_AUTOS = YES_AGGRESSIVE;
				GCC_WARN_UNUSED_FUNCTION = YES;
				GCC_WARN_UNUSED_VARIABLE = YES;
				IPHONEOS_DEPLOYMENT_TARGET = 9.0;
				LD_RUNPATH_SEARCH_PATHS = "/usr/lib/swift $(inherited)";
				LIBRARY_SEARCH_PATHS = (
					"\"$(TOOLCHAIN_DIR)/usr/lib/swift/$(PLATFORM_NAME)\"",
					"\"$(TOOLCHAIN_DIR)/usr/lib/swift-5.0/$(PLATFORM_NAME)\"",
					"\"$(inherited)\"",
				);
				MTL_ENABLE_DEBUG_INFO = NO;
				ONLY_ACTIVE_ARCH = YES;
				SDKROOT = iphoneos;
				USE_HEADERMAP = NO;
				VALIDATE_PRODUCT = YES;
			};
			name = Release;
		};
/* End XCBuildConfiguration section */

/* Begin XCConfigurationList section */
		00E357021AD99517003FC87E /* Build configuration list for PBXNativeTarget "chartExampleTests" */ = {
			isa = XCConfigurationList;
			buildConfigurations = (
				00E356F61AD99517003FC87E /* Debug */,
				00E356F71AD99517003FC87E /* Release */,
			);
			defaultConfigurationIsVisible = 0;
			defaultConfigurationName = Release;
		};
		13B07F931A680F5B00A75B9A /* Build configuration list for PBXNativeTarget "chartExample" */ = {
			isa = XCConfigurationList;
			buildConfigurations = (
				13B07F941A680F5B00A75B9A /* Debug */,
				13B07F951A680F5B00A75B9A /* Release */,
			);
			defaultConfigurationIsVisible = 0;
			defaultConfigurationName = Release;
		};
		2D02E4BA1E0B4A5E006451C7 /* Build configuration list for PBXNativeTarget "chartExample-tvOS" */ = {
			isa = XCConfigurationList;
			buildConfigurations = (
				2D02E4971E0B4A5E006451C7 /* Debug */,
				2D02E4981E0B4A5E006451C7 /* Release */,
			);
			defaultConfigurationIsVisible = 0;
			defaultConfigurationName = Release;
		};
		2D02E4BB1E0B4A5E006451C7 /* Build configuration list for PBXNativeTarget "chartExample-tvOSTests" */ = {
			isa = XCConfigurationList;
			buildConfigurations = (
				2D02E4991E0B4A5E006451C7 /* Debug */,
				2D02E49A1E0B4A5E006451C7 /* Release */,
			);
			defaultConfigurationIsVisible = 0;
			defaultConfigurationName = Release;
		};
		83CBB9FA1A601CBA00E9B192 /* Build configuration list for PBXProject "chartExample" */ = {
			isa = XCConfigurationList;
			buildConfigurations = (
				83CBBA201A601CBA00E9B192 /* Debug */,
				83CBBA211A601CBA00E9B192 /* Release */,
			);
			defaultConfigurationIsVisible = 0;
			defaultConfigurationName = Release;
		};
/* End XCConfigurationList section */
	};
	rootObject = 83CBB9F71A601CBA00E9B192 /* Project object */;
}
